
Microsoft Visual Studio Solution File, Format Version 12.00
# Visual Studio 15
VisualStudioVersion = 15.0.28307.421
MinimumVisualStudioVersion = 10.0.40219.1
Project("{9A19103F-16F7-4668-BE54-9A1E7A4F7556}") = "Deployer", "Deployer\Deployer.csproj", "{20D40DC1-0237-47A0-B169-B420159E341C}"
EndProject
Project("{FAE04EC0-301F-11D3-BF4B-00C04F79EFBC}") = "Deployer.Gui.Common", "Deployer.Gui.Common\Deployer.Gui.Common.csproj", "{AD8EA86C-AF60-4CCF-9CAA-07BBF5E039EC}"
EndProject
Project("{FAE04EC0-301F-11D3-BF4B-00C04F79EFBC}") = "Deployer.NetFx", "Deployer.NetFx\Deployer.NetFx.csproj", "{FBEDAF0E-E2ED-4005-8D83-F980FA67FEB2}"
EndProject
Project("{9A19103F-16F7-4668-BE54-9A1E7A4F7556}") = "Registry", "Registry\Registry\Registry.csproj", "{199EC816-6C41-4252-85FA-1C91865FC9AE}"
EndProject
Project("{9A19103F-16F7-4668-BE54-9A1E7A4F7556}") = "Deployer.Tests", "Deployer.Tests\Deployer.Tests.csproj", "{81376FF8-929F-4339-95BD-2681D7C1944A}"
EndProject
Project("{FAE04EC0-301F-11D3-BF4B-00C04F79EFBC}") = "Deployer.NetFx.Tests", "Deployer.NetFx.Tests\Deployer.NetFx.Tests.csproj", "{172F8752-7DBC-4B81-8B1F-0CE4AC63F8D2}"
EndProject
Project("{FAE04EC0-301F-11D3-BF4B-00C04F79EFBC}") = "Tester", "Tester\Tester.csproj", "{1ABD25AC-52BD-4023-81EA-8D7D20701730}"
EndProject
Global
	GlobalSection(SolutionConfigurationPlatforms) = preSolution
		Debug|Any CPU = Debug|Any CPU
		Release|Any CPU = Release|Any CPU
	EndGlobalSection
	GlobalSection(ProjectConfigurationPlatforms) = postSolution
		{20D40DC1-0237-47A0-B169-B420159E341C}.Debug|Any CPU.ActiveCfg = Debug|Any CPU
		{20D40DC1-0237-47A0-B169-B420159E341C}.Debug|Any CPU.Build.0 = Debug|Any CPU
		{20D40DC1-0237-47A0-B169-B420159E341C}.Release|Any CPU.ActiveCfg = Release|Any CPU
		{20D40DC1-0237-47A0-B169-B420159E341C}.Release|Any CPU.Build.0 = Release|Any CPU
		{AD8EA86C-AF60-4CCF-9CAA-07BBF5E039EC}.Debug|Any CPU.ActiveCfg = Debug|Any CPU
		{AD8EA86C-AF60-4CCF-9CAA-07BBF5E039EC}.Debug|Any CPU.Build.0 = Debug|Any CPU
		{AD8EA86C-AF60-4CCF-9CAA-07BBF5E039EC}.Release|Any CPU.ActiveCfg = Release|Any CPU
		{AD8EA86C-AF60-4CCF-9CAA-07BBF5E039EC}.Release|Any CPU.Build.0 = Release|Any CPU
		{FBEDAF0E-E2ED-4005-8D83-F980FA67FEB2}.Debug|Any CPU.ActiveCfg = Debug|Any CPU
		{FBEDAF0E-E2ED-4005-8D83-F980FA67FEB2}.Debug|Any CPU.Build.0 = Debug|Any CPU
		{FBEDAF0E-E2ED-4005-8D83-F980FA67FEB2}.Release|Any CPU.ActiveCfg = Release|Any CPU
		{FBEDAF0E-E2ED-4005-8D83-F980FA67FEB2}.Release|Any CPU.Build.0 = Release|Any CPU
		{199EC816-6C41-4252-85FA-1C91865FC9AE}.Debug|Any CPU.ActiveCfg = Debug|Any CPU
		{199EC816-6C41-4252-85FA-1C91865FC9AE}.Debug|Any CPU.Build.0 = Debug|Any CPU
		{199EC816-6C41-4252-85FA-1C91865FC9AE}.Release|Any CPU.ActiveCfg = Release|Any CPU
		{199EC816-6C41-4252-85FA-1C91865FC9AE}.Release|Any CPU.Build.0 = Release|Any CPU
		{81376FF8-929F-4339-95BD-2681D7C1944A}.Debug|Any CPU.ActiveCfg = Debug|Any CPU
		{81376FF8-929F-4339-95BD-2681D7C1944A}.Debug|Any CPU.Build.0 = Debug|Any CPU
		{81376FF8-929F-4339-95BD-2681D7C1944A}.Release|Any CPU.ActiveCfg = Release|Any CPU
		{81376FF8-929F-4339-95BD-2681D7C1944A}.Release|Any CPU.Build.0 = Release|Any CPU
		{172F8752-7DBC-4B81-8B1F-0CE4AC63F8D2}.Debug|Any CPU.ActiveCfg = Debug|Any CPU
		{172F8752-7DBC-4B81-8B1F-0CE4AC63F8D2}.Debug|Any CPU.Build.0 = Debug|Any CPU
		{172F8752-7DBC-4B81-8B1F-0CE4AC63F8D2}.Release|Any CPU.ActiveCfg = Release|Any CPU
		{172F8752-7DBC-4B81-8B1F-0CE4AC63F8D2}.Release|Any CPU.Build.0 = Release|Any CPU
		{1ABD25AC-52BD-4023-81EA-8D7D20701730}.Debug|Any CPU.ActiveCfg = Debug|Any CPU
		{1ABD25AC-52BD-4023-81EA-8D7D20701730}.Debug|Any CPU.Build.0 = Debug|Any CPU
		{1ABD25AC-52BD-4023-81EA-8D7D20701730}.Release|Any CPU.ActiveCfg = Release|Any CPU
		{1ABD25AC-52BD-4023-81EA-8D7D20701730}.Release|Any CPU.Build.0 = Release|Any CPU
	EndGlobalSection
	GlobalSection(SolutionProperties) = preSolution
		HideSolutionNode = FALSE
	EndGlobalSection
	GlobalSection(ExtensibilityGlobals) = postSolution
		SolutionGuid = {17415657-E67C-4901-A9DD-6372AF9CC25E}
	EndGlobalSection
EndGlobal
