
Microsoft Visual Studio Solution File, Format Version 12.00
# Visual Studio Version 16
VisualStudioVersion = 16.0.29926.136
MinimumVisualStudioVersion = 10.0.40219.1
Project("{9A19103F-16F7-4668-BE54-9A1E7A4F7556}") = "Deployer.Lumia", "Deployer.Lumia\Deployer.Lumia.csproj", "{52D9692C-1CC9-4AB7-8855-61685B0C68EA}"
EndProject
Project("{9A19103F-16F7-4668-BE54-9A1E7A4F7556}") = "Deployer.Core", "Deployer.Core\Deployer.Core.csproj", "{63C92B03-742B-4E52-81D7-A8211EC4475D}"
EndProject
Project("{9A19103F-16F7-4668-BE54-9A1E7A4F7556}") = "Registry", "Registry\Registry\Registry.csproj", "{259ED967-983B-4A72-A987-255339DC9EC0}"
EndProject
Project("{9A19103F-16F7-4668-BE54-9A1E7A4F7556}") = "RunProcessAsTask", "RunProcessAsTask\src\RunProcessAsTask\RunProcessAsTask.csproj", "{CCFD0C3E-EE16-4B41-A77D-250C7017E8B5}"
EndProject
Project("{9A19103F-16F7-4668-BE54-9A1E7A4F7556}") = "Deployer.DeployerStoreTool", "Deployer.DeployerStoreTool\Deployer.DeployerStoreTool.csproj", "{B53B245D-E457-4F6C-8BEC-B2B54AE68D56}"
EndProject
Project("{9A19103F-16F7-4668-BE54-9A1E7A4F7556}") = "Deployer.Tests", "Deployer.Tests\Deployer.Tests.csproj", "{EB3A54F6-8BF0-4812-8FCF-5A2CE16466D1}"
EndProject
Project("{2150E333-8FDC-42A3-9474-1A3956D46DE8}") = "Submodules", "Submodules", "{94B74785-6D6E-4136-8740-C16DB7191961}"
EndProject
Project("{FAE04EC0-301F-11D3-BF4B-00C04F79EFBC}") = "Deployer.NetFx", "Deployer.NetFx\Deployer.NetFx.csproj", "{FBEDAF0E-E2ED-4005-8D83-F980FA67FEB2}"
EndProject
Project("{FAE04EC0-301F-11D3-BF4B-00C04F79EFBC}") = "Deployer.Gui", "Deployer.Gui\Deployer.Gui.csproj", "{904F13EC-DFBB-4939-B720-08CB3752093C}"
EndProject
Project("{FAE04EC0-301F-11D3-BF4B-00C04F79EFBC}") = "Markdown.Xaml", "Zafiro\Source\Markdown.XAML\src\Markdown.Xaml\Markdown.Xaml.csproj", "{34186C3B-C308-4CAE-B462-DB7B5F5E378C}"
EndProject
Project("{2150E333-8FDC-42A3-9474-1A3956D46DE8}") = "Editor", "Editor", "{B77ADEDE-CFB7-49EC-BF28-3E0286BE9256}"
EndProject
Project("{9A19103F-16F7-4668-BE54-9A1E7A4F7556}") = "Editor.Wpf", "Editor.Wpf\Editor.Wpf.csproj", "{64ABC82F-AA30-4C9B-8D1A-97AAB7FB6408}"
EndProject
Project("{9A19103F-16F7-4668-BE54-9A1E7A4F7556}") = "Iridio", "Iridio\Source\Iridio\Iridio.csproj", "{E91DEC9F-6569-431A-B7AA-BCF9BA27EFE5}"
EndProject
Project("{9A19103F-16F7-4668-BE54-9A1E7A4F7556}") = "Iridio.Runtime", "Iridio\Source\Iridio.Runtime\Iridio.Runtime.csproj", "{9298ABA0-F1B8-4C89-B2A3-F8D5122D2589}"
EndProject
Project("{FAE04EC0-301F-11D3-BF4B-00C04F79EFBC}") = "ConsoleApp1", "ConsoleApp1\ConsoleApp1.csproj", "{1D990D8A-EA26-474D-B167-3A92461A5A77}"
EndProject
Project("{FAE04EC0-301F-11D3-BF4B-00C04F79EFBC}") = "Deployer.NetFx.Tests", "Deployer.NetFx.Tests\Deployer.NetFx.Tests.csproj", "{4D00CE39-1964-4EB0-80C1-F25ACB73CC71}"
EndProject
Project("{9A19103F-16F7-4668-BE54-9A1E7A4F7556}") = "Deployer.Filesystem", "Deployer.Filesystem\Deployer.Filesystem.csproj", "{A968B50B-F12E-4557-9631-78E855605385}"
EndProject
Project("{FAE04EC0-301F-11D3-BF4B-00C04F79EFBC}") = "Deployer.Filesystem.Gpt", "Deployer.Filesystem.Gpt\Deployer.Filesystem.Gpt.csproj", "{6DB66862-A8F0-4A7A-8E84-A8030858C2BF}"
EndProject
Global
	GlobalSection(SolutionConfigurationPlatforms) = preSolution
		Ad-Hoc|Any CPU = Ad-Hoc|Any CPU
		Ad-Hoc|ARM = Ad-Hoc|ARM
		Ad-Hoc|ARM64 = Ad-Hoc|ARM64
		Ad-Hoc|iPhone = Ad-Hoc|iPhone
		Ad-Hoc|iPhoneSimulator = Ad-Hoc|iPhoneSimulator
		Ad-Hoc|x64 = Ad-Hoc|x64
		Ad-Hoc|x86 = Ad-Hoc|x86
		Analysis|Any CPU = Analysis|Any CPU
		Analysis|ARM = Analysis|ARM
		Analysis|ARM64 = Analysis|ARM64
		Analysis|iPhone = Analysis|iPhone
		Analysis|iPhoneSimulator = Analysis|iPhoneSimulator
		Analysis|x64 = Analysis|x64
		Analysis|x86 = Analysis|x86
		AppStore|Any CPU = AppStore|Any CPU
		AppStore|ARM = AppStore|ARM
		AppStore|ARM64 = AppStore|ARM64
		AppStore|iPhone = AppStore|iPhone
		AppStore|iPhoneSimulator = AppStore|iPhoneSimulator
		AppStore|x64 = AppStore|x64
		AppStore|x86 = AppStore|x86
		Debug|Any CPU = Debug|Any CPU
		Debug|ARM = Debug|ARM
		Debug|ARM64 = Debug|ARM64
		Debug|iPhone = Debug|iPhone
		Debug|iPhoneSimulator = Debug|iPhoneSimulator
		Debug|x64 = Debug|x64
		Debug|x86 = Debug|x86
		Release|Any CPU = Release|Any CPU
		Release|ARM = Release|ARM
		Release|ARM64 = Release|ARM64
		Release|iPhone = Release|iPhone
		Release|iPhoneSimulator = Release|iPhoneSimulator
		Release|x64 = Release|x64
		Release|x86 = Release|x86
	EndGlobalSection
	GlobalSection(ProjectConfigurationPlatforms) = postSolution
		{52D9692C-1CC9-4AB7-8855-61685B0C68EA}.Ad-Hoc|Any CPU.ActiveCfg = Release|Any CPU
		{52D9692C-1CC9-4AB7-8855-61685B0C68EA}.Ad-Hoc|Any CPU.Build.0 = Release|Any CPU
		{52D9692C-1CC9-4AB7-8855-61685B0C68EA}.Ad-Hoc|ARM.ActiveCfg = Release|Any CPU
		{52D9692C-1CC9-4AB7-8855-61685B0C68EA}.Ad-Hoc|ARM.Build.0 = Release|Any CPU
		{52D9692C-1CC9-4AB7-8855-61685B0C68EA}.Ad-Hoc|ARM64.ActiveCfg = Release|Any CPU
		{52D9692C-1CC9-4AB7-8855-61685B0C68EA}.Ad-Hoc|ARM64.Build.0 = Release|Any CPU
		{52D9692C-1CC9-4AB7-8855-61685B0C68EA}.Ad-Hoc|iPhone.ActiveCfg = Release|Any CPU
		{52D9692C-1CC9-4AB7-8855-61685B0C68EA}.Ad-Hoc|iPhone.Build.0 = Release|Any CPU
		{52D9692C-1CC9-4AB7-8855-61685B0C68EA}.Ad-Hoc|iPhoneSimulator.ActiveCfg = Release|Any CPU
		{52D9692C-1CC9-4AB7-8855-61685B0C68EA}.Ad-Hoc|iPhoneSimulator.Build.0 = Release|Any CPU
		{52D9692C-1CC9-4AB7-8855-61685B0C68EA}.Ad-Hoc|x64.ActiveCfg = Release|Any CPU
		{52D9692C-1CC9-4AB7-8855-61685B0C68EA}.Ad-Hoc|x64.Build.0 = Release|Any CPU
		{52D9692C-1CC9-4AB7-8855-61685B0C68EA}.Ad-Hoc|x86.ActiveCfg = Release|Any CPU
		{52D9692C-1CC9-4AB7-8855-61685B0C68EA}.Ad-Hoc|x86.Build.0 = Release|Any CPU
		{52D9692C-1CC9-4AB7-8855-61685B0C68EA}.Analysis|Any CPU.ActiveCfg = Debug|Any CPU
		{52D9692C-1CC9-4AB7-8855-61685B0C68EA}.Analysis|Any CPU.Build.0 = Debug|Any CPU
		{52D9692C-1CC9-4AB7-8855-61685B0C68EA}.Analysis|ARM.ActiveCfg = Release|Any CPU
		{52D9692C-1CC9-4AB7-8855-61685B0C68EA}.Analysis|ARM.Build.0 = Release|Any CPU
		{52D9692C-1CC9-4AB7-8855-61685B0C68EA}.Analysis|ARM64.ActiveCfg = Release|Any CPU
		{52D9692C-1CC9-4AB7-8855-61685B0C68EA}.Analysis|ARM64.Build.0 = Release|Any CPU
		{52D9692C-1CC9-4AB7-8855-61685B0C68EA}.Analysis|iPhone.ActiveCfg = Release|Any CPU
		{52D9692C-1CC9-4AB7-8855-61685B0C68EA}.Analysis|iPhone.Build.0 = Release|Any CPU
		{52D9692C-1CC9-4AB7-8855-61685B0C68EA}.Analysis|iPhoneSimulator.ActiveCfg = Release|Any CPU
		{52D9692C-1CC9-4AB7-8855-61685B0C68EA}.Analysis|iPhoneSimulator.Build.0 = Release|Any CPU
		{52D9692C-1CC9-4AB7-8855-61685B0C68EA}.Analysis|x64.ActiveCfg = Release|Any CPU
		{52D9692C-1CC9-4AB7-8855-61685B0C68EA}.Analysis|x64.Build.0 = Release|Any CPU
		{52D9692C-1CC9-4AB7-8855-61685B0C68EA}.Analysis|x86.ActiveCfg = Release|Any CPU
		{52D9692C-1CC9-4AB7-8855-61685B0C68EA}.Analysis|x86.Build.0 = Release|Any CPU
		{52D9692C-1CC9-4AB7-8855-61685B0C68EA}.AppStore|Any CPU.ActiveCfg = Release|Any CPU
		{52D9692C-1CC9-4AB7-8855-61685B0C68EA}.AppStore|Any CPU.Build.0 = Release|Any CPU
		{52D9692C-1CC9-4AB7-8855-61685B0C68EA}.AppStore|ARM.ActiveCfg = Release|Any CPU
		{52D9692C-1CC9-4AB7-8855-61685B0C68EA}.AppStore|ARM.Build.0 = Release|Any CPU
		{52D9692C-1CC9-4AB7-8855-61685B0C68EA}.AppStore|ARM64.ActiveCfg = Release|Any CPU
		{52D9692C-1CC9-4AB7-8855-61685B0C68EA}.AppStore|ARM64.Build.0 = Release|Any CPU
		{52D9692C-1CC9-4AB7-8855-61685B0C68EA}.AppStore|iPhone.ActiveCfg = Release|Any CPU
		{52D9692C-1CC9-4AB7-8855-61685B0C68EA}.AppStore|iPhone.Build.0 = Release|Any CPU
		{52D9692C-1CC9-4AB7-8855-61685B0C68EA}.AppStore|iPhoneSimulator.ActiveCfg = Release|Any CPU
		{52D9692C-1CC9-4AB7-8855-61685B0C68EA}.AppStore|iPhoneSimulator.Build.0 = Release|Any CPU
		{52D9692C-1CC9-4AB7-8855-61685B0C68EA}.AppStore|x64.ActiveCfg = Release|Any CPU
		{52D9692C-1CC9-4AB7-8855-61685B0C68EA}.AppStore|x64.Build.0 = Release|Any CPU
		{52D9692C-1CC9-4AB7-8855-61685B0C68EA}.AppStore|x86.ActiveCfg = Release|Any CPU
		{52D9692C-1CC9-4AB7-8855-61685B0C68EA}.AppStore|x86.Build.0 = Release|Any CPU
		{52D9692C-1CC9-4AB7-8855-61685B0C68EA}.Debug|Any CPU.ActiveCfg = Debug|Any CPU
		{52D9692C-1CC9-4AB7-8855-61685B0C68EA}.Debug|Any CPU.Build.0 = Debug|Any CPU
		{52D9692C-1CC9-4AB7-8855-61685B0C68EA}.Debug|ARM.ActiveCfg = Debug|Any CPU
		{52D9692C-1CC9-4AB7-8855-61685B0C68EA}.Debug|ARM.Build.0 = Debug|Any CPU
		{52D9692C-1CC9-4AB7-8855-61685B0C68EA}.Debug|ARM64.ActiveCfg = Debug|Any CPU
		{52D9692C-1CC9-4AB7-8855-61685B0C68EA}.Debug|ARM64.Build.0 = Debug|Any CPU
		{52D9692C-1CC9-4AB7-8855-61685B0C68EA}.Debug|iPhone.ActiveCfg = Debug|Any CPU
		{52D9692C-1CC9-4AB7-8855-61685B0C68EA}.Debug|iPhone.Build.0 = Debug|Any CPU
		{52D9692C-1CC9-4AB7-8855-61685B0C68EA}.Debug|iPhoneSimulator.ActiveCfg = Debug|Any CPU
		{52D9692C-1CC9-4AB7-8855-61685B0C68EA}.Debug|iPhoneSimulator.Build.0 = Debug|Any CPU
		{52D9692C-1CC9-4AB7-8855-61685B0C68EA}.Debug|x64.ActiveCfg = Debug|Any CPU
		{52D9692C-1CC9-4AB7-8855-61685B0C68EA}.Debug|x64.Build.0 = Debug|Any CPU
		{52D9692C-1CC9-4AB7-8855-61685B0C68EA}.Debug|x86.ActiveCfg = Debug|Any CPU
		{52D9692C-1CC9-4AB7-8855-61685B0C68EA}.Debug|x86.Build.0 = Debug|Any CPU
		{52D9692C-1CC9-4AB7-8855-61685B0C68EA}.Release|Any CPU.ActiveCfg = Release|Any CPU
		{52D9692C-1CC9-4AB7-8855-61685B0C68EA}.Release|Any CPU.Build.0 = Release|Any CPU
		{52D9692C-1CC9-4AB7-8855-61685B0C68EA}.Release|ARM.ActiveCfg = Release|Any CPU
		{52D9692C-1CC9-4AB7-8855-61685B0C68EA}.Release|ARM.Build.0 = Release|Any CPU
		{52D9692C-1CC9-4AB7-8855-61685B0C68EA}.Release|ARM64.ActiveCfg = Release|Any CPU
		{52D9692C-1CC9-4AB7-8855-61685B0C68EA}.Release|ARM64.Build.0 = Release|Any CPU
		{52D9692C-1CC9-4AB7-8855-61685B0C68EA}.Release|iPhone.ActiveCfg = Release|Any CPU
		{52D9692C-1CC9-4AB7-8855-61685B0C68EA}.Release|iPhone.Build.0 = Release|Any CPU
		{52D9692C-1CC9-4AB7-8855-61685B0C68EA}.Release|iPhoneSimulator.ActiveCfg = Release|Any CPU
		{52D9692C-1CC9-4AB7-8855-61685B0C68EA}.Release|iPhoneSimulator.Build.0 = Release|Any CPU
		{52D9692C-1CC9-4AB7-8855-61685B0C68EA}.Release|x64.ActiveCfg = Release|Any CPU
		{52D9692C-1CC9-4AB7-8855-61685B0C68EA}.Release|x64.Build.0 = Release|Any CPU
		{52D9692C-1CC9-4AB7-8855-61685B0C68EA}.Release|x86.ActiveCfg = Release|Any CPU
		{52D9692C-1CC9-4AB7-8855-61685B0C68EA}.Release|x86.Build.0 = Release|Any CPU
		{63C92B03-742B-4E52-81D7-A8211EC4475D}.Ad-Hoc|Any CPU.ActiveCfg = Release|Any CPU
		{63C92B03-742B-4E52-81D7-A8211EC4475D}.Ad-Hoc|Any CPU.Build.0 = Release|Any CPU
		{63C92B03-742B-4E52-81D7-A8211EC4475D}.Ad-Hoc|ARM.ActiveCfg = Release|Any CPU
		{63C92B03-742B-4E52-81D7-A8211EC4475D}.Ad-Hoc|ARM.Build.0 = Release|Any CPU
		{63C92B03-742B-4E52-81D7-A8211EC4475D}.Ad-Hoc|ARM64.ActiveCfg = Release|Any CPU
		{63C92B03-742B-4E52-81D7-A8211EC4475D}.Ad-Hoc|ARM64.Build.0 = Release|Any CPU
		{63C92B03-742B-4E52-81D7-A8211EC4475D}.Ad-Hoc|iPhone.ActiveCfg = Release|Any CPU
		{63C92B03-742B-4E52-81D7-A8211EC4475D}.Ad-Hoc|iPhone.Build.0 = Release|Any CPU
		{63C92B03-742B-4E52-81D7-A8211EC4475D}.Ad-Hoc|iPhoneSimulator.ActiveCfg = Release|Any CPU
		{63C92B03-742B-4E52-81D7-A8211EC4475D}.Ad-Hoc|iPhoneSimulator.Build.0 = Release|Any CPU
		{63C92B03-742B-4E52-81D7-A8211EC4475D}.Ad-Hoc|x64.ActiveCfg = Release|Any CPU
		{63C92B03-742B-4E52-81D7-A8211EC4475D}.Ad-Hoc|x64.Build.0 = Release|Any CPU
		{63C92B03-742B-4E52-81D7-A8211EC4475D}.Ad-Hoc|x86.ActiveCfg = Release|Any CPU
		{63C92B03-742B-4E52-81D7-A8211EC4475D}.Ad-Hoc|x86.Build.0 = Release|Any CPU
		{63C92B03-742B-4E52-81D7-A8211EC4475D}.Analysis|Any CPU.ActiveCfg = Debug|Any CPU
		{63C92B03-742B-4E52-81D7-A8211EC4475D}.Analysis|Any CPU.Build.0 = Debug|Any CPU
		{63C92B03-742B-4E52-81D7-A8211EC4475D}.Analysis|ARM.ActiveCfg = Release|Any CPU
		{63C92B03-742B-4E52-81D7-A8211EC4475D}.Analysis|ARM.Build.0 = Release|Any CPU
		{63C92B03-742B-4E52-81D7-A8211EC4475D}.Analysis|ARM64.ActiveCfg = Release|Any CPU
		{63C92B03-742B-4E52-81D7-A8211EC4475D}.Analysis|ARM64.Build.0 = Release|Any CPU
		{63C92B03-742B-4E52-81D7-A8211EC4475D}.Analysis|iPhone.ActiveCfg = Release|Any CPU
		{63C92B03-742B-4E52-81D7-A8211EC4475D}.Analysis|iPhone.Build.0 = Release|Any CPU
		{63C92B03-742B-4E52-81D7-A8211EC4475D}.Analysis|iPhoneSimulator.ActiveCfg = Release|Any CPU
		{63C92B03-742B-4E52-81D7-A8211EC4475D}.Analysis|iPhoneSimulator.Build.0 = Release|Any CPU
		{63C92B03-742B-4E52-81D7-A8211EC4475D}.Analysis|x64.ActiveCfg = Release|Any CPU
		{63C92B03-742B-4E52-81D7-A8211EC4475D}.Analysis|x64.Build.0 = Release|Any CPU
		{63C92B03-742B-4E52-81D7-A8211EC4475D}.Analysis|x86.ActiveCfg = Release|Any CPU
		{63C92B03-742B-4E52-81D7-A8211EC4475D}.Analysis|x86.Build.0 = Release|Any CPU
		{63C92B03-742B-4E52-81D7-A8211EC4475D}.AppStore|Any CPU.ActiveCfg = Release|Any CPU
		{63C92B03-742B-4E52-81D7-A8211EC4475D}.AppStore|Any CPU.Build.0 = Release|Any CPU
		{63C92B03-742B-4E52-81D7-A8211EC4475D}.AppStore|ARM.ActiveCfg = Release|Any CPU
		{63C92B03-742B-4E52-81D7-A8211EC4475D}.AppStore|ARM.Build.0 = Release|Any CPU
		{63C92B03-742B-4E52-81D7-A8211EC4475D}.AppStore|ARM64.ActiveCfg = Release|Any CPU
		{63C92B03-742B-4E52-81D7-A8211EC4475D}.AppStore|ARM64.Build.0 = Release|Any CPU
		{63C92B03-742B-4E52-81D7-A8211EC4475D}.AppStore|iPhone.ActiveCfg = Release|Any CPU
		{63C92B03-742B-4E52-81D7-A8211EC4475D}.AppStore|iPhone.Build.0 = Release|Any CPU
		{63C92B03-742B-4E52-81D7-A8211EC4475D}.AppStore|iPhoneSimulator.ActiveCfg = Release|Any CPU
		{63C92B03-742B-4E52-81D7-A8211EC4475D}.AppStore|iPhoneSimulator.Build.0 = Release|Any CPU
		{63C92B03-742B-4E52-81D7-A8211EC4475D}.AppStore|x64.ActiveCfg = Release|Any CPU
		{63C92B03-742B-4E52-81D7-A8211EC4475D}.AppStore|x64.Build.0 = Release|Any CPU
		{63C92B03-742B-4E52-81D7-A8211EC4475D}.AppStore|x86.ActiveCfg = Release|Any CPU
		{63C92B03-742B-4E52-81D7-A8211EC4475D}.AppStore|x86.Build.0 = Release|Any CPU
		{63C92B03-742B-4E52-81D7-A8211EC4475D}.Debug|Any CPU.ActiveCfg = Debug|Any CPU
		{63C92B03-742B-4E52-81D7-A8211EC4475D}.Debug|Any CPU.Build.0 = Debug|Any CPU
		{63C92B03-742B-4E52-81D7-A8211EC4475D}.Debug|ARM.ActiveCfg = Debug|Any CPU
		{63C92B03-742B-4E52-81D7-A8211EC4475D}.Debug|ARM.Build.0 = Debug|Any CPU
		{63C92B03-742B-4E52-81D7-A8211EC4475D}.Debug|ARM64.ActiveCfg = Debug|Any CPU
		{63C92B03-742B-4E52-81D7-A8211EC4475D}.Debug|ARM64.Build.0 = Debug|Any CPU
		{63C92B03-742B-4E52-81D7-A8211EC4475D}.Debug|iPhone.ActiveCfg = Debug|Any CPU
		{63C92B03-742B-4E52-81D7-A8211EC4475D}.Debug|iPhone.Build.0 = Debug|Any CPU
		{63C92B03-742B-4E52-81D7-A8211EC4475D}.Debug|iPhoneSimulator.ActiveCfg = Debug|Any CPU
		{63C92B03-742B-4E52-81D7-A8211EC4475D}.Debug|iPhoneSimulator.Build.0 = Debug|Any CPU
		{63C92B03-742B-4E52-81D7-A8211EC4475D}.Debug|x64.ActiveCfg = Debug|Any CPU
		{63C92B03-742B-4E52-81D7-A8211EC4475D}.Debug|x64.Build.0 = Debug|Any CPU
		{63C92B03-742B-4E52-81D7-A8211EC4475D}.Debug|x86.ActiveCfg = Debug|Any CPU
		{63C92B03-742B-4E52-81D7-A8211EC4475D}.Debug|x86.Build.0 = Debug|Any CPU
		{63C92B03-742B-4E52-81D7-A8211EC4475D}.Release|Any CPU.ActiveCfg = Release|Any CPU
		{63C92B03-742B-4E52-81D7-A8211EC4475D}.Release|Any CPU.Build.0 = Release|Any CPU
		{63C92B03-742B-4E52-81D7-A8211EC4475D}.Release|ARM.ActiveCfg = Release|Any CPU
		{63C92B03-742B-4E52-81D7-A8211EC4475D}.Release|ARM.Build.0 = Release|Any CPU
		{63C92B03-742B-4E52-81D7-A8211EC4475D}.Release|ARM64.ActiveCfg = Release|Any CPU
		{63C92B03-742B-4E52-81D7-A8211EC4475D}.Release|ARM64.Build.0 = Release|Any CPU
		{63C92B03-742B-4E52-81D7-A8211EC4475D}.Release|iPhone.ActiveCfg = Release|Any CPU
		{63C92B03-742B-4E52-81D7-A8211EC4475D}.Release|iPhone.Build.0 = Release|Any CPU
		{63C92B03-742B-4E52-81D7-A8211EC4475D}.Release|iPhoneSimulator.ActiveCfg = Release|Any CPU
		{63C92B03-742B-4E52-81D7-A8211EC4475D}.Release|iPhoneSimulator.Build.0 = Release|Any CPU
		{63C92B03-742B-4E52-81D7-A8211EC4475D}.Release|x64.ActiveCfg = Release|Any CPU
		{63C92B03-742B-4E52-81D7-A8211EC4475D}.Release|x64.Build.0 = Release|Any CPU
		{63C92B03-742B-4E52-81D7-A8211EC4475D}.Release|x86.ActiveCfg = Release|Any CPU
		{63C92B03-742B-4E52-81D7-A8211EC4475D}.Release|x86.Build.0 = Release|Any CPU
		{259ED967-983B-4A72-A987-255339DC9EC0}.Ad-Hoc|Any CPU.ActiveCfg = Release|Any CPU
		{259ED967-983B-4A72-A987-255339DC9EC0}.Ad-Hoc|Any CPU.Build.0 = Release|Any CPU
		{259ED967-983B-4A72-A987-255339DC9EC0}.Ad-Hoc|ARM.ActiveCfg = Release|Any CPU
		{259ED967-983B-4A72-A987-255339DC9EC0}.Ad-Hoc|ARM.Build.0 = Release|Any CPU
		{259ED967-983B-4A72-A987-255339DC9EC0}.Ad-Hoc|ARM64.ActiveCfg = Release|Any CPU
		{259ED967-983B-4A72-A987-255339DC9EC0}.Ad-Hoc|ARM64.Build.0 = Release|Any CPU
		{259ED967-983B-4A72-A987-255339DC9EC0}.Ad-Hoc|iPhone.ActiveCfg = Release|Any CPU
		{259ED967-983B-4A72-A987-255339DC9EC0}.Ad-Hoc|iPhone.Build.0 = Release|Any CPU
		{259ED967-983B-4A72-A987-255339DC9EC0}.Ad-Hoc|iPhoneSimulator.ActiveCfg = Release|Any CPU
		{259ED967-983B-4A72-A987-255339DC9EC0}.Ad-Hoc|iPhoneSimulator.Build.0 = Release|Any CPU
		{259ED967-983B-4A72-A987-255339DC9EC0}.Ad-Hoc|x64.ActiveCfg = Release|Any CPU
		{259ED967-983B-4A72-A987-255339DC9EC0}.Ad-Hoc|x64.Build.0 = Release|Any CPU
		{259ED967-983B-4A72-A987-255339DC9EC0}.Ad-Hoc|x86.ActiveCfg = Release|Any CPU
		{259ED967-983B-4A72-A987-255339DC9EC0}.Ad-Hoc|x86.Build.0 = Release|Any CPU
		{259ED967-983B-4A72-A987-255339DC9EC0}.Analysis|Any CPU.ActiveCfg = Debug|Any CPU
		{259ED967-983B-4A72-A987-255339DC9EC0}.Analysis|Any CPU.Build.0 = Debug|Any CPU
		{259ED967-983B-4A72-A987-255339DC9EC0}.Analysis|ARM.ActiveCfg = Release|Any CPU
		{259ED967-983B-4A72-A987-255339DC9EC0}.Analysis|ARM.Build.0 = Release|Any CPU
		{259ED967-983B-4A72-A987-255339DC9EC0}.Analysis|ARM64.ActiveCfg = Release|Any CPU
		{259ED967-983B-4A72-A987-255339DC9EC0}.Analysis|ARM64.Build.0 = Release|Any CPU
		{259ED967-983B-4A72-A987-255339DC9EC0}.Analysis|iPhone.ActiveCfg = Release|Any CPU
		{259ED967-983B-4A72-A987-255339DC9EC0}.Analysis|iPhone.Build.0 = Release|Any CPU
		{259ED967-983B-4A72-A987-255339DC9EC0}.Analysis|iPhoneSimulator.ActiveCfg = Release|Any CPU
		{259ED967-983B-4A72-A987-255339DC9EC0}.Analysis|iPhoneSimulator.Build.0 = Release|Any CPU
		{259ED967-983B-4A72-A987-255339DC9EC0}.Analysis|x64.ActiveCfg = Release|Any CPU
		{259ED967-983B-4A72-A987-255339DC9EC0}.Analysis|x64.Build.0 = Release|Any CPU
		{259ED967-983B-4A72-A987-255339DC9EC0}.Analysis|x86.ActiveCfg = Release|Any CPU
		{259ED967-983B-4A72-A987-255339DC9EC0}.Analysis|x86.Build.0 = Release|Any CPU
		{259ED967-983B-4A72-A987-255339DC9EC0}.AppStore|Any CPU.ActiveCfg = Release|Any CPU
		{259ED967-983B-4A72-A987-255339DC9EC0}.AppStore|Any CPU.Build.0 = Release|Any CPU
		{259ED967-983B-4A72-A987-255339DC9EC0}.AppStore|ARM.ActiveCfg = Release|Any CPU
		{259ED967-983B-4A72-A987-255339DC9EC0}.AppStore|ARM.Build.0 = Release|Any CPU
		{259ED967-983B-4A72-A987-255339DC9EC0}.AppStore|ARM64.ActiveCfg = Release|Any CPU
		{259ED967-983B-4A72-A987-255339DC9EC0}.AppStore|ARM64.Build.0 = Release|Any CPU
		{259ED967-983B-4A72-A987-255339DC9EC0}.AppStore|iPhone.ActiveCfg = Release|Any CPU
		{259ED967-983B-4A72-A987-255339DC9EC0}.AppStore|iPhone.Build.0 = Release|Any CPU
		{259ED967-983B-4A72-A987-255339DC9EC0}.AppStore|iPhoneSimulator.ActiveCfg = Release|Any CPU
		{259ED967-983B-4A72-A987-255339DC9EC0}.AppStore|iPhoneSimulator.Build.0 = Release|Any CPU
		{259ED967-983B-4A72-A987-255339DC9EC0}.AppStore|x64.ActiveCfg = Release|Any CPU
		{259ED967-983B-4A72-A987-255339DC9EC0}.AppStore|x64.Build.0 = Release|Any CPU
		{259ED967-983B-4A72-A987-255339DC9EC0}.AppStore|x86.ActiveCfg = Release|Any CPU
		{259ED967-983B-4A72-A987-255339DC9EC0}.AppStore|x86.Build.0 = Release|Any CPU
		{259ED967-983B-4A72-A987-255339DC9EC0}.Debug|Any CPU.ActiveCfg = Debug|Any CPU
		{259ED967-983B-4A72-A987-255339DC9EC0}.Debug|Any CPU.Build.0 = Debug|Any CPU
		{259ED967-983B-4A72-A987-255339DC9EC0}.Debug|ARM.ActiveCfg = Debug|Any CPU
		{259ED967-983B-4A72-A987-255339DC9EC0}.Debug|ARM.Build.0 = Debug|Any CPU
		{259ED967-983B-4A72-A987-255339DC9EC0}.Debug|ARM64.ActiveCfg = Debug|Any CPU
		{259ED967-983B-4A72-A987-255339DC9EC0}.Debug|ARM64.Build.0 = Debug|Any CPU
		{259ED967-983B-4A72-A987-255339DC9EC0}.Debug|iPhone.ActiveCfg = Debug|Any CPU
		{259ED967-983B-4A72-A987-255339DC9EC0}.Debug|iPhone.Build.0 = Debug|Any CPU
		{259ED967-983B-4A72-A987-255339DC9EC0}.Debug|iPhoneSimulator.ActiveCfg = Debug|Any CPU
		{259ED967-983B-4A72-A987-255339DC9EC0}.Debug|iPhoneSimulator.Build.0 = Debug|Any CPU
		{259ED967-983B-4A72-A987-255339DC9EC0}.Debug|x64.ActiveCfg = Debug|Any CPU
		{259ED967-983B-4A72-A987-255339DC9EC0}.Debug|x64.Build.0 = Debug|Any CPU
		{259ED967-983B-4A72-A987-255339DC9EC0}.Debug|x86.ActiveCfg = Debug|Any CPU
		{259ED967-983B-4A72-A987-255339DC9EC0}.Debug|x86.Build.0 = Debug|Any CPU
		{259ED967-983B-4A72-A987-255339DC9EC0}.Release|Any CPU.ActiveCfg = Release|Any CPU
		{259ED967-983B-4A72-A987-255339DC9EC0}.Release|Any CPU.Build.0 = Release|Any CPU
		{259ED967-983B-4A72-A987-255339DC9EC0}.Release|ARM.ActiveCfg = Release|Any CPU
		{259ED967-983B-4A72-A987-255339DC9EC0}.Release|ARM.Build.0 = Release|Any CPU
		{259ED967-983B-4A72-A987-255339DC9EC0}.Release|ARM64.ActiveCfg = Release|Any CPU
		{259ED967-983B-4A72-A987-255339DC9EC0}.Release|ARM64.Build.0 = Release|Any CPU
		{259ED967-983B-4A72-A987-255339DC9EC0}.Release|iPhone.ActiveCfg = Release|Any CPU
		{259ED967-983B-4A72-A987-255339DC9EC0}.Release|iPhone.Build.0 = Release|Any CPU
		{259ED967-983B-4A72-A987-255339DC9EC0}.Release|iPhoneSimulator.ActiveCfg = Release|Any CPU
		{259ED967-983B-4A72-A987-255339DC9EC0}.Release|iPhoneSimulator.Build.0 = Release|Any CPU
		{259ED967-983B-4A72-A987-255339DC9EC0}.Release|x64.ActiveCfg = Release|Any CPU
		{259ED967-983B-4A72-A987-255339DC9EC0}.Release|x64.Build.0 = Release|Any CPU
		{259ED967-983B-4A72-A987-255339DC9EC0}.Release|x86.ActiveCfg = Release|Any CPU
		{259ED967-983B-4A72-A987-255339DC9EC0}.Release|x86.Build.0 = Release|Any CPU
		{CCFD0C3E-EE16-4B41-A77D-250C7017E8B5}.Ad-Hoc|Any CPU.ActiveCfg = Release|Any CPU
		{CCFD0C3E-EE16-4B41-A77D-250C7017E8B5}.Ad-Hoc|Any CPU.Build.0 = Release|Any CPU
		{CCFD0C3E-EE16-4B41-A77D-250C7017E8B5}.Ad-Hoc|ARM.ActiveCfg = Release|Any CPU
		{CCFD0C3E-EE16-4B41-A77D-250C7017E8B5}.Ad-Hoc|ARM.Build.0 = Release|Any CPU
		{CCFD0C3E-EE16-4B41-A77D-250C7017E8B5}.Ad-Hoc|ARM64.ActiveCfg = Release|Any CPU
		{CCFD0C3E-EE16-4B41-A77D-250C7017E8B5}.Ad-Hoc|ARM64.Build.0 = Release|Any CPU
		{CCFD0C3E-EE16-4B41-A77D-250C7017E8B5}.Ad-Hoc|iPhone.ActiveCfg = Release|Any CPU
		{CCFD0C3E-EE16-4B41-A77D-250C7017E8B5}.Ad-Hoc|iPhone.Build.0 = Release|Any CPU
		{CCFD0C3E-EE16-4B41-A77D-250C7017E8B5}.Ad-Hoc|iPhoneSimulator.ActiveCfg = Release|Any CPU
		{CCFD0C3E-EE16-4B41-A77D-250C7017E8B5}.Ad-Hoc|iPhoneSimulator.Build.0 = Release|Any CPU
		{CCFD0C3E-EE16-4B41-A77D-250C7017E8B5}.Ad-Hoc|x64.ActiveCfg = Release|Any CPU
		{CCFD0C3E-EE16-4B41-A77D-250C7017E8B5}.Ad-Hoc|x64.Build.0 = Release|Any CPU
		{CCFD0C3E-EE16-4B41-A77D-250C7017E8B5}.Ad-Hoc|x86.ActiveCfg = Release|Any CPU
		{CCFD0C3E-EE16-4B41-A77D-250C7017E8B5}.Ad-Hoc|x86.Build.0 = Release|Any CPU
		{CCFD0C3E-EE16-4B41-A77D-250C7017E8B5}.Analysis|Any CPU.ActiveCfg = Debug|Any CPU
		{CCFD0C3E-EE16-4B41-A77D-250C7017E8B5}.Analysis|Any CPU.Build.0 = Debug|Any CPU
		{CCFD0C3E-EE16-4B41-A77D-250C7017E8B5}.Analysis|ARM.ActiveCfg = Release|Any CPU
		{CCFD0C3E-EE16-4B41-A77D-250C7017E8B5}.Analysis|ARM.Build.0 = Release|Any CPU
		{CCFD0C3E-EE16-4B41-A77D-250C7017E8B5}.Analysis|ARM64.ActiveCfg = Release|Any CPU
		{CCFD0C3E-EE16-4B41-A77D-250C7017E8B5}.Analysis|ARM64.Build.0 = Release|Any CPU
		{CCFD0C3E-EE16-4B41-A77D-250C7017E8B5}.Analysis|iPhone.ActiveCfg = Release|Any CPU
		{CCFD0C3E-EE16-4B41-A77D-250C7017E8B5}.Analysis|iPhone.Build.0 = Release|Any CPU
		{CCFD0C3E-EE16-4B41-A77D-250C7017E8B5}.Analysis|iPhoneSimulator.ActiveCfg = Release|Any CPU
		{CCFD0C3E-EE16-4B41-A77D-250C7017E8B5}.Analysis|iPhoneSimulator.Build.0 = Release|Any CPU
		{CCFD0C3E-EE16-4B41-A77D-250C7017E8B5}.Analysis|x64.ActiveCfg = Release|Any CPU
		{CCFD0C3E-EE16-4B41-A77D-250C7017E8B5}.Analysis|x64.Build.0 = Release|Any CPU
		{CCFD0C3E-EE16-4B41-A77D-250C7017E8B5}.Analysis|x86.ActiveCfg = Release|Any CPU
		{CCFD0C3E-EE16-4B41-A77D-250C7017E8B5}.Analysis|x86.Build.0 = Release|Any CPU
		{CCFD0C3E-EE16-4B41-A77D-250C7017E8B5}.AppStore|Any CPU.ActiveCfg = Release|Any CPU
		{CCFD0C3E-EE16-4B41-A77D-250C7017E8B5}.AppStore|Any CPU.Build.0 = Release|Any CPU
		{CCFD0C3E-EE16-4B41-A77D-250C7017E8B5}.AppStore|ARM.ActiveCfg = Release|Any CPU
		{CCFD0C3E-EE16-4B41-A77D-250C7017E8B5}.AppStore|ARM.Build.0 = Release|Any CPU
		{CCFD0C3E-EE16-4B41-A77D-250C7017E8B5}.AppStore|ARM64.ActiveCfg = Release|Any CPU
		{CCFD0C3E-EE16-4B41-A77D-250C7017E8B5}.AppStore|ARM64.Build.0 = Release|Any CPU
		{CCFD0C3E-EE16-4B41-A77D-250C7017E8B5}.AppStore|iPhone.ActiveCfg = Release|Any CPU
		{CCFD0C3E-EE16-4B41-A77D-250C7017E8B5}.AppStore|iPhone.Build.0 = Release|Any CPU
		{CCFD0C3E-EE16-4B41-A77D-250C7017E8B5}.AppStore|iPhoneSimulator.ActiveCfg = Release|Any CPU
		{CCFD0C3E-EE16-4B41-A77D-250C7017E8B5}.AppStore|iPhoneSimulator.Build.0 = Release|Any CPU
		{CCFD0C3E-EE16-4B41-A77D-250C7017E8B5}.AppStore|x64.ActiveCfg = Release|Any CPU
		{CCFD0C3E-EE16-4B41-A77D-250C7017E8B5}.AppStore|x64.Build.0 = Release|Any CPU
		{CCFD0C3E-EE16-4B41-A77D-250C7017E8B5}.AppStore|x86.ActiveCfg = Release|Any CPU
		{CCFD0C3E-EE16-4B41-A77D-250C7017E8B5}.AppStore|x86.Build.0 = Release|Any CPU
		{CCFD0C3E-EE16-4B41-A77D-250C7017E8B5}.Debug|Any CPU.ActiveCfg = Debug|Any CPU
		{CCFD0C3E-EE16-4B41-A77D-250C7017E8B5}.Debug|Any CPU.Build.0 = Debug|Any CPU
		{CCFD0C3E-EE16-4B41-A77D-250C7017E8B5}.Debug|ARM.ActiveCfg = Debug|Any CPU
		{CCFD0C3E-EE16-4B41-A77D-250C7017E8B5}.Debug|ARM.Build.0 = Debug|Any CPU
		{CCFD0C3E-EE16-4B41-A77D-250C7017E8B5}.Debug|ARM64.ActiveCfg = Debug|Any CPU
		{CCFD0C3E-EE16-4B41-A77D-250C7017E8B5}.Debug|ARM64.Build.0 = Debug|Any CPU
		{CCFD0C3E-EE16-4B41-A77D-250C7017E8B5}.Debug|iPhone.ActiveCfg = Debug|Any CPU
		{CCFD0C3E-EE16-4B41-A77D-250C7017E8B5}.Debug|iPhone.Build.0 = Debug|Any CPU
		{CCFD0C3E-EE16-4B41-A77D-250C7017E8B5}.Debug|iPhoneSimulator.ActiveCfg = Debug|Any CPU
		{CCFD0C3E-EE16-4B41-A77D-250C7017E8B5}.Debug|iPhoneSimulator.Build.0 = Debug|Any CPU
		{CCFD0C3E-EE16-4B41-A77D-250C7017E8B5}.Debug|x64.ActiveCfg = Debug|Any CPU
		{CCFD0C3E-EE16-4B41-A77D-250C7017E8B5}.Debug|x64.Build.0 = Debug|Any CPU
		{CCFD0C3E-EE16-4B41-A77D-250C7017E8B5}.Debug|x86.ActiveCfg = Debug|Any CPU
		{CCFD0C3E-EE16-4B41-A77D-250C7017E8B5}.Debug|x86.Build.0 = Debug|Any CPU
		{CCFD0C3E-EE16-4B41-A77D-250C7017E8B5}.Release|Any CPU.ActiveCfg = Release|Any CPU
		{CCFD0C3E-EE16-4B41-A77D-250C7017E8B5}.Release|Any CPU.Build.0 = Release|Any CPU
		{CCFD0C3E-EE16-4B41-A77D-250C7017E8B5}.Release|ARM.ActiveCfg = Release|Any CPU
		{CCFD0C3E-EE16-4B41-A77D-250C7017E8B5}.Release|ARM.Build.0 = Release|Any CPU
		{CCFD0C3E-EE16-4B41-A77D-250C7017E8B5}.Release|ARM64.ActiveCfg = Release|Any CPU
		{CCFD0C3E-EE16-4B41-A77D-250C7017E8B5}.Release|ARM64.Build.0 = Release|Any CPU
		{CCFD0C3E-EE16-4B41-A77D-250C7017E8B5}.Release|iPhone.ActiveCfg = Release|Any CPU
		{CCFD0C3E-EE16-4B41-A77D-250C7017E8B5}.Release|iPhone.Build.0 = Release|Any CPU
		{CCFD0C3E-EE16-4B41-A77D-250C7017E8B5}.Release|iPhoneSimulator.ActiveCfg = Release|Any CPU
		{CCFD0C3E-EE16-4B41-A77D-250C7017E8B5}.Release|iPhoneSimulator.Build.0 = Release|Any CPU
		{CCFD0C3E-EE16-4B41-A77D-250C7017E8B5}.Release|x64.ActiveCfg = Release|Any CPU
		{CCFD0C3E-EE16-4B41-A77D-250C7017E8B5}.Release|x64.Build.0 = Release|Any CPU
		{CCFD0C3E-EE16-4B41-A77D-250C7017E8B5}.Release|x86.ActiveCfg = Release|Any CPU
		{CCFD0C3E-EE16-4B41-A77D-250C7017E8B5}.Release|x86.Build.0 = Release|Any CPU
		{B53B245D-E457-4F6C-8BEC-B2B54AE68D56}.Ad-Hoc|Any CPU.ActiveCfg = Release|Any CPU
		{B53B245D-E457-4F6C-8BEC-B2B54AE68D56}.Ad-Hoc|Any CPU.Build.0 = Release|Any CPU
		{B53B245D-E457-4F6C-8BEC-B2B54AE68D56}.Ad-Hoc|ARM.ActiveCfg = Release|Any CPU
		{B53B245D-E457-4F6C-8BEC-B2B54AE68D56}.Ad-Hoc|ARM.Build.0 = Release|Any CPU
		{B53B245D-E457-4F6C-8BEC-B2B54AE68D56}.Ad-Hoc|ARM64.ActiveCfg = Release|Any CPU
		{B53B245D-E457-4F6C-8BEC-B2B54AE68D56}.Ad-Hoc|ARM64.Build.0 = Release|Any CPU
		{B53B245D-E457-4F6C-8BEC-B2B54AE68D56}.Ad-Hoc|iPhone.ActiveCfg = Release|Any CPU
		{B53B245D-E457-4F6C-8BEC-B2B54AE68D56}.Ad-Hoc|iPhone.Build.0 = Release|Any CPU
		{B53B245D-E457-4F6C-8BEC-B2B54AE68D56}.Ad-Hoc|iPhoneSimulator.ActiveCfg = Release|Any CPU
		{B53B245D-E457-4F6C-8BEC-B2B54AE68D56}.Ad-Hoc|iPhoneSimulator.Build.0 = Release|Any CPU
		{B53B245D-E457-4F6C-8BEC-B2B54AE68D56}.Ad-Hoc|x64.ActiveCfg = Release|Any CPU
		{B53B245D-E457-4F6C-8BEC-B2B54AE68D56}.Ad-Hoc|x64.Build.0 = Release|Any CPU
		{B53B245D-E457-4F6C-8BEC-B2B54AE68D56}.Ad-Hoc|x86.ActiveCfg = Release|Any CPU
		{B53B245D-E457-4F6C-8BEC-B2B54AE68D56}.Ad-Hoc|x86.Build.0 = Release|Any CPU
		{B53B245D-E457-4F6C-8BEC-B2B54AE68D56}.Analysis|Any CPU.ActiveCfg = Debug|Any CPU
		{B53B245D-E457-4F6C-8BEC-B2B54AE68D56}.Analysis|Any CPU.Build.0 = Debug|Any CPU
		{B53B245D-E457-4F6C-8BEC-B2B54AE68D56}.Analysis|ARM.ActiveCfg = Release|Any CPU
		{B53B245D-E457-4F6C-8BEC-B2B54AE68D56}.Analysis|ARM.Build.0 = Release|Any CPU
		{B53B245D-E457-4F6C-8BEC-B2B54AE68D56}.Analysis|ARM64.ActiveCfg = Release|Any CPU
		{B53B245D-E457-4F6C-8BEC-B2B54AE68D56}.Analysis|ARM64.Build.0 = Release|Any CPU
		{B53B245D-E457-4F6C-8BEC-B2B54AE68D56}.Analysis|iPhone.ActiveCfg = Release|Any CPU
		{B53B245D-E457-4F6C-8BEC-B2B54AE68D56}.Analysis|iPhone.Build.0 = Release|Any CPU
		{B53B245D-E457-4F6C-8BEC-B2B54AE68D56}.Analysis|iPhoneSimulator.ActiveCfg = Release|Any CPU
		{B53B245D-E457-4F6C-8BEC-B2B54AE68D56}.Analysis|iPhoneSimulator.Build.0 = Release|Any CPU
		{B53B245D-E457-4F6C-8BEC-B2B54AE68D56}.Analysis|x64.ActiveCfg = Release|Any CPU
		{B53B245D-E457-4F6C-8BEC-B2B54AE68D56}.Analysis|x64.Build.0 = Release|Any CPU
		{B53B245D-E457-4F6C-8BEC-B2B54AE68D56}.Analysis|x86.ActiveCfg = Release|Any CPU
		{B53B245D-E457-4F6C-8BEC-B2B54AE68D56}.Analysis|x86.Build.0 = Release|Any CPU
		{B53B245D-E457-4F6C-8BEC-B2B54AE68D56}.AppStore|Any CPU.ActiveCfg = Release|Any CPU
		{B53B245D-E457-4F6C-8BEC-B2B54AE68D56}.AppStore|Any CPU.Build.0 = Release|Any CPU
		{B53B245D-E457-4F6C-8BEC-B2B54AE68D56}.AppStore|ARM.ActiveCfg = Release|Any CPU
		{B53B245D-E457-4F6C-8BEC-B2B54AE68D56}.AppStore|ARM.Build.0 = Release|Any CPU
		{B53B245D-E457-4F6C-8BEC-B2B54AE68D56}.AppStore|ARM64.ActiveCfg = Release|Any CPU
		{B53B245D-E457-4F6C-8BEC-B2B54AE68D56}.AppStore|ARM64.Build.0 = Release|Any CPU
		{B53B245D-E457-4F6C-8BEC-B2B54AE68D56}.AppStore|iPhone.ActiveCfg = Release|Any CPU
		{B53B245D-E457-4F6C-8BEC-B2B54AE68D56}.AppStore|iPhone.Build.0 = Release|Any CPU
		{B53B245D-E457-4F6C-8BEC-B2B54AE68D56}.AppStore|iPhoneSimulator.ActiveCfg = Release|Any CPU
		{B53B245D-E457-4F6C-8BEC-B2B54AE68D56}.AppStore|iPhoneSimulator.Build.0 = Release|Any CPU
		{B53B245D-E457-4F6C-8BEC-B2B54AE68D56}.AppStore|x64.ActiveCfg = Release|Any CPU
		{B53B245D-E457-4F6C-8BEC-B2B54AE68D56}.AppStore|x64.Build.0 = Release|Any CPU
		{B53B245D-E457-4F6C-8BEC-B2B54AE68D56}.AppStore|x86.ActiveCfg = Release|Any CPU
		{B53B245D-E457-4F6C-8BEC-B2B54AE68D56}.AppStore|x86.Build.0 = Release|Any CPU
		{B53B245D-E457-4F6C-8BEC-B2B54AE68D56}.Debug|Any CPU.ActiveCfg = Debug|Any CPU
		{B53B245D-E457-4F6C-8BEC-B2B54AE68D56}.Debug|Any CPU.Build.0 = Debug|Any CPU
		{B53B245D-E457-4F6C-8BEC-B2B54AE68D56}.Debug|ARM.ActiveCfg = Debug|Any CPU
		{B53B245D-E457-4F6C-8BEC-B2B54AE68D56}.Debug|ARM.Build.0 = Debug|Any CPU
		{B53B245D-E457-4F6C-8BEC-B2B54AE68D56}.Debug|ARM64.ActiveCfg = Debug|Any CPU
		{B53B245D-E457-4F6C-8BEC-B2B54AE68D56}.Debug|ARM64.Build.0 = Debug|Any CPU
		{B53B245D-E457-4F6C-8BEC-B2B54AE68D56}.Debug|iPhone.ActiveCfg = Debug|Any CPU
		{B53B245D-E457-4F6C-8BEC-B2B54AE68D56}.Debug|iPhone.Build.0 = Debug|Any CPU
		{B53B245D-E457-4F6C-8BEC-B2B54AE68D56}.Debug|iPhoneSimulator.ActiveCfg = Debug|Any CPU
		{B53B245D-E457-4F6C-8BEC-B2B54AE68D56}.Debug|iPhoneSimulator.Build.0 = Debug|Any CPU
		{B53B245D-E457-4F6C-8BEC-B2B54AE68D56}.Debug|x64.ActiveCfg = Debug|Any CPU
		{B53B245D-E457-4F6C-8BEC-B2B54AE68D56}.Debug|x64.Build.0 = Debug|Any CPU
		{B53B245D-E457-4F6C-8BEC-B2B54AE68D56}.Debug|x86.ActiveCfg = Debug|Any CPU
		{B53B245D-E457-4F6C-8BEC-B2B54AE68D56}.Debug|x86.Build.0 = Debug|Any CPU
		{B53B245D-E457-4F6C-8BEC-B2B54AE68D56}.Release|Any CPU.ActiveCfg = Release|Any CPU
		{B53B245D-E457-4F6C-8BEC-B2B54AE68D56}.Release|Any CPU.Build.0 = Release|Any CPU
		{B53B245D-E457-4F6C-8BEC-B2B54AE68D56}.Release|ARM.ActiveCfg = Release|Any CPU
		{B53B245D-E457-4F6C-8BEC-B2B54AE68D56}.Release|ARM.Build.0 = Release|Any CPU
		{B53B245D-E457-4F6C-8BEC-B2B54AE68D56}.Release|ARM64.ActiveCfg = Release|Any CPU
		{B53B245D-E457-4F6C-8BEC-B2B54AE68D56}.Release|ARM64.Build.0 = Release|Any CPU
		{B53B245D-E457-4F6C-8BEC-B2B54AE68D56}.Release|iPhone.ActiveCfg = Release|Any CPU
		{B53B245D-E457-4F6C-8BEC-B2B54AE68D56}.Release|iPhone.Build.0 = Release|Any CPU
		{B53B245D-E457-4F6C-8BEC-B2B54AE68D56}.Release|iPhoneSimulator.ActiveCfg = Release|Any CPU
		{B53B245D-E457-4F6C-8BEC-B2B54AE68D56}.Release|iPhoneSimulator.Build.0 = Release|Any CPU
		{B53B245D-E457-4F6C-8BEC-B2B54AE68D56}.Release|x64.ActiveCfg = Release|Any CPU
		{B53B245D-E457-4F6C-8BEC-B2B54AE68D56}.Release|x64.Build.0 = Release|Any CPU
		{B53B245D-E457-4F6C-8BEC-B2B54AE68D56}.Release|x86.ActiveCfg = Release|Any CPU
		{B53B245D-E457-4F6C-8BEC-B2B54AE68D56}.Release|x86.Build.0 = Release|Any CPU
		{EB3A54F6-8BF0-4812-8FCF-5A2CE16466D1}.Ad-Hoc|Any CPU.ActiveCfg = Debug|Any CPU
		{EB3A54F6-8BF0-4812-8FCF-5A2CE16466D1}.Ad-Hoc|Any CPU.Build.0 = Debug|Any CPU
		{EB3A54F6-8BF0-4812-8FCF-5A2CE16466D1}.Ad-Hoc|ARM.ActiveCfg = Debug|Any CPU
		{EB3A54F6-8BF0-4812-8FCF-5A2CE16466D1}.Ad-Hoc|ARM.Build.0 = Debug|Any CPU
		{EB3A54F6-8BF0-4812-8FCF-5A2CE16466D1}.Ad-Hoc|ARM64.ActiveCfg = Debug|Any CPU
		{EB3A54F6-8BF0-4812-8FCF-5A2CE16466D1}.Ad-Hoc|ARM64.Build.0 = Debug|Any CPU
		{EB3A54F6-8BF0-4812-8FCF-5A2CE16466D1}.Ad-Hoc|iPhone.ActiveCfg = Debug|Any CPU
		{EB3A54F6-8BF0-4812-8FCF-5A2CE16466D1}.Ad-Hoc|iPhone.Build.0 = Debug|Any CPU
		{EB3A54F6-8BF0-4812-8FCF-5A2CE16466D1}.Ad-Hoc|iPhoneSimulator.ActiveCfg = Debug|Any CPU
		{EB3A54F6-8BF0-4812-8FCF-5A2CE16466D1}.Ad-Hoc|iPhoneSimulator.Build.0 = Debug|Any CPU
		{EB3A54F6-8BF0-4812-8FCF-5A2CE16466D1}.Ad-Hoc|x64.ActiveCfg = Debug|Any CPU
		{EB3A54F6-8BF0-4812-8FCF-5A2CE16466D1}.Ad-Hoc|x64.Build.0 = Debug|Any CPU
		{EB3A54F6-8BF0-4812-8FCF-5A2CE16466D1}.Ad-Hoc|x86.ActiveCfg = Debug|Any CPU
		{EB3A54F6-8BF0-4812-8FCF-5A2CE16466D1}.Ad-Hoc|x86.Build.0 = Debug|Any CPU
		{EB3A54F6-8BF0-4812-8FCF-5A2CE16466D1}.Analysis|Any CPU.ActiveCfg = Release|Any CPU
		{EB3A54F6-8BF0-4812-8FCF-5A2CE16466D1}.Analysis|Any CPU.Build.0 = Release|Any CPU
		{EB3A54F6-8BF0-4812-8FCF-5A2CE16466D1}.Analysis|ARM.ActiveCfg = Debug|Any CPU
		{EB3A54F6-8BF0-4812-8FCF-5A2CE16466D1}.Analysis|ARM.Build.0 = Debug|Any CPU
		{EB3A54F6-8BF0-4812-8FCF-5A2CE16466D1}.Analysis|ARM64.ActiveCfg = Debug|Any CPU
		{EB3A54F6-8BF0-4812-8FCF-5A2CE16466D1}.Analysis|ARM64.Build.0 = Debug|Any CPU
		{EB3A54F6-8BF0-4812-8FCF-5A2CE16466D1}.Analysis|iPhone.ActiveCfg = Debug|Any CPU
		{EB3A54F6-8BF0-4812-8FCF-5A2CE16466D1}.Analysis|iPhone.Build.0 = Debug|Any CPU
		{EB3A54F6-8BF0-4812-8FCF-5A2CE16466D1}.Analysis|iPhoneSimulator.ActiveCfg = Debug|Any CPU
		{EB3A54F6-8BF0-4812-8FCF-5A2CE16466D1}.Analysis|iPhoneSimulator.Build.0 = Debug|Any CPU
		{EB3A54F6-8BF0-4812-8FCF-5A2CE16466D1}.Analysis|x64.ActiveCfg = Debug|Any CPU
		{EB3A54F6-8BF0-4812-8FCF-5A2CE16466D1}.Analysis|x64.Build.0 = Debug|Any CPU
		{EB3A54F6-8BF0-4812-8FCF-5A2CE16466D1}.Analysis|x86.ActiveCfg = Debug|Any CPU
		{EB3A54F6-8BF0-4812-8FCF-5A2CE16466D1}.Analysis|x86.Build.0 = Debug|Any CPU
		{EB3A54F6-8BF0-4812-8FCF-5A2CE16466D1}.AppStore|Any CPU.ActiveCfg = Debug|Any CPU
		{EB3A54F6-8BF0-4812-8FCF-5A2CE16466D1}.AppStore|Any CPU.Build.0 = Debug|Any CPU
		{EB3A54F6-8BF0-4812-8FCF-5A2CE16466D1}.AppStore|ARM.ActiveCfg = Debug|Any CPU
		{EB3A54F6-8BF0-4812-8FCF-5A2CE16466D1}.AppStore|ARM.Build.0 = Debug|Any CPU
		{EB3A54F6-8BF0-4812-8FCF-5A2CE16466D1}.AppStore|ARM64.ActiveCfg = Debug|Any CPU
		{EB3A54F6-8BF0-4812-8FCF-5A2CE16466D1}.AppStore|ARM64.Build.0 = Debug|Any CPU
		{EB3A54F6-8BF0-4812-8FCF-5A2CE16466D1}.AppStore|iPhone.ActiveCfg = Debug|Any CPU
		{EB3A54F6-8BF0-4812-8FCF-5A2CE16466D1}.AppStore|iPhone.Build.0 = Debug|Any CPU
		{EB3A54F6-8BF0-4812-8FCF-5A2CE16466D1}.AppStore|iPhoneSimulator.ActiveCfg = Debug|Any CPU
		{EB3A54F6-8BF0-4812-8FCF-5A2CE16466D1}.AppStore|iPhoneSimulator.Build.0 = Debug|Any CPU
		{EB3A54F6-8BF0-4812-8FCF-5A2CE16466D1}.AppStore|x64.ActiveCfg = Debug|Any CPU
		{EB3A54F6-8BF0-4812-8FCF-5A2CE16466D1}.AppStore|x64.Build.0 = Debug|Any CPU
		{EB3A54F6-8BF0-4812-8FCF-5A2CE16466D1}.AppStore|x86.ActiveCfg = Debug|Any CPU
		{EB3A54F6-8BF0-4812-8FCF-5A2CE16466D1}.AppStore|x86.Build.0 = Debug|Any CPU
		{EB3A54F6-8BF0-4812-8FCF-5A2CE16466D1}.Debug|Any CPU.ActiveCfg = Debug|Any CPU
		{EB3A54F6-8BF0-4812-8FCF-5A2CE16466D1}.Debug|Any CPU.Build.0 = Debug|Any CPU
		{EB3A54F6-8BF0-4812-8FCF-5A2CE16466D1}.Debug|ARM.ActiveCfg = Debug|Any CPU
		{EB3A54F6-8BF0-4812-8FCF-5A2CE16466D1}.Debug|ARM.Build.0 = Debug|Any CPU
		{EB3A54F6-8BF0-4812-8FCF-5A2CE16466D1}.Debug|ARM64.ActiveCfg = Debug|Any CPU
		{EB3A54F6-8BF0-4812-8FCF-5A2CE16466D1}.Debug|ARM64.Build.0 = Debug|Any CPU
		{EB3A54F6-8BF0-4812-8FCF-5A2CE16466D1}.Debug|iPhone.ActiveCfg = Debug|Any CPU
		{EB3A54F6-8BF0-4812-8FCF-5A2CE16466D1}.Debug|iPhone.Build.0 = Debug|Any CPU
		{EB3A54F6-8BF0-4812-8FCF-5A2CE16466D1}.Debug|iPhoneSimulator.ActiveCfg = Debug|Any CPU
		{EB3A54F6-8BF0-4812-8FCF-5A2CE16466D1}.Debug|iPhoneSimulator.Build.0 = Debug|Any CPU
		{EB3A54F6-8BF0-4812-8FCF-5A2CE16466D1}.Debug|x64.ActiveCfg = Debug|Any CPU
		{EB3A54F6-8BF0-4812-8FCF-5A2CE16466D1}.Debug|x64.Build.0 = Debug|Any CPU
		{EB3A54F6-8BF0-4812-8FCF-5A2CE16466D1}.Debug|x86.ActiveCfg = Debug|Any CPU
		{EB3A54F6-8BF0-4812-8FCF-5A2CE16466D1}.Debug|x86.Build.0 = Debug|Any CPU
		{EB3A54F6-8BF0-4812-8FCF-5A2CE16466D1}.Release|Any CPU.ActiveCfg = Release|Any CPU
		{EB3A54F6-8BF0-4812-8FCF-5A2CE16466D1}.Release|Any CPU.Build.0 = Release|Any CPU
		{EB3A54F6-8BF0-4812-8FCF-5A2CE16466D1}.Release|ARM.ActiveCfg = Release|Any CPU
		{EB3A54F6-8BF0-4812-8FCF-5A2CE16466D1}.Release|ARM.Build.0 = Release|Any CPU
		{EB3A54F6-8BF0-4812-8FCF-5A2CE16466D1}.Release|ARM64.ActiveCfg = Release|Any CPU
		{EB3A54F6-8BF0-4812-8FCF-5A2CE16466D1}.Release|ARM64.Build.0 = Release|Any CPU
		{EB3A54F6-8BF0-4812-8FCF-5A2CE16466D1}.Release|iPhone.ActiveCfg = Release|Any CPU
		{EB3A54F6-8BF0-4812-8FCF-5A2CE16466D1}.Release|iPhone.Build.0 = Release|Any CPU
		{EB3A54F6-8BF0-4812-8FCF-5A2CE16466D1}.Release|iPhoneSimulator.ActiveCfg = Release|Any CPU
		{EB3A54F6-8BF0-4812-8FCF-5A2CE16466D1}.Release|iPhoneSimulator.Build.0 = Release|Any CPU
		{EB3A54F6-8BF0-4812-8FCF-5A2CE16466D1}.Release|x64.ActiveCfg = Release|Any CPU
		{EB3A54F6-8BF0-4812-8FCF-5A2CE16466D1}.Release|x64.Build.0 = Release|Any CPU
		{EB3A54F6-8BF0-4812-8FCF-5A2CE16466D1}.Release|x86.ActiveCfg = Release|Any CPU
		{EB3A54F6-8BF0-4812-8FCF-5A2CE16466D1}.Release|x86.Build.0 = Release|Any CPU
		{FBEDAF0E-E2ED-4005-8D83-F980FA67FEB2}.Ad-Hoc|Any CPU.ActiveCfg = Release|Any CPU
		{FBEDAF0E-E2ED-4005-8D83-F980FA67FEB2}.Ad-Hoc|Any CPU.Build.0 = Release|Any CPU
		{FBEDAF0E-E2ED-4005-8D83-F980FA67FEB2}.Ad-Hoc|ARM.ActiveCfg = Release|Any CPU
		{FBEDAF0E-E2ED-4005-8D83-F980FA67FEB2}.Ad-Hoc|ARM.Build.0 = Release|Any CPU
		{FBEDAF0E-E2ED-4005-8D83-F980FA67FEB2}.Ad-Hoc|ARM64.ActiveCfg = Release|Any CPU
		{FBEDAF0E-E2ED-4005-8D83-F980FA67FEB2}.Ad-Hoc|ARM64.Build.0 = Release|Any CPU
		{FBEDAF0E-E2ED-4005-8D83-F980FA67FEB2}.Ad-Hoc|iPhone.ActiveCfg = Release|Any CPU
		{FBEDAF0E-E2ED-4005-8D83-F980FA67FEB2}.Ad-Hoc|iPhone.Build.0 = Release|Any CPU
		{FBEDAF0E-E2ED-4005-8D83-F980FA67FEB2}.Ad-Hoc|iPhoneSimulator.ActiveCfg = Release|Any CPU
		{FBEDAF0E-E2ED-4005-8D83-F980FA67FEB2}.Ad-Hoc|iPhoneSimulator.Build.0 = Release|Any CPU
		{FBEDAF0E-E2ED-4005-8D83-F980FA67FEB2}.Ad-Hoc|x64.ActiveCfg = Release|Any CPU
		{FBEDAF0E-E2ED-4005-8D83-F980FA67FEB2}.Ad-Hoc|x64.Build.0 = Release|Any CPU
		{FBEDAF0E-E2ED-4005-8D83-F980FA67FEB2}.Ad-Hoc|x86.ActiveCfg = Release|Any CPU
		{FBEDAF0E-E2ED-4005-8D83-F980FA67FEB2}.Ad-Hoc|x86.Build.0 = Release|Any CPU
		{FBEDAF0E-E2ED-4005-8D83-F980FA67FEB2}.Analysis|Any CPU.ActiveCfg = Debug|Any CPU
		{FBEDAF0E-E2ED-4005-8D83-F980FA67FEB2}.Analysis|Any CPU.Build.0 = Debug|Any CPU
		{FBEDAF0E-E2ED-4005-8D83-F980FA67FEB2}.Analysis|ARM.ActiveCfg = Release|Any CPU
		{FBEDAF0E-E2ED-4005-8D83-F980FA67FEB2}.Analysis|ARM.Build.0 = Release|Any CPU
		{FBEDAF0E-E2ED-4005-8D83-F980FA67FEB2}.Analysis|ARM64.ActiveCfg = Release|Any CPU
		{FBEDAF0E-E2ED-4005-8D83-F980FA67FEB2}.Analysis|ARM64.Build.0 = Release|Any CPU
		{FBEDAF0E-E2ED-4005-8D83-F980FA67FEB2}.Analysis|iPhone.ActiveCfg = Release|Any CPU
		{FBEDAF0E-E2ED-4005-8D83-F980FA67FEB2}.Analysis|iPhone.Build.0 = Release|Any CPU
		{FBEDAF0E-E2ED-4005-8D83-F980FA67FEB2}.Analysis|iPhoneSimulator.ActiveCfg = Release|Any CPU
		{FBEDAF0E-E2ED-4005-8D83-F980FA67FEB2}.Analysis|iPhoneSimulator.Build.0 = Release|Any CPU
		{FBEDAF0E-E2ED-4005-8D83-F980FA67FEB2}.Analysis|x64.ActiveCfg = Release|Any CPU
		{FBEDAF0E-E2ED-4005-8D83-F980FA67FEB2}.Analysis|x64.Build.0 = Release|Any CPU
		{FBEDAF0E-E2ED-4005-8D83-F980FA67FEB2}.Analysis|x86.ActiveCfg = Release|Any CPU
		{FBEDAF0E-E2ED-4005-8D83-F980FA67FEB2}.Analysis|x86.Build.0 = Release|Any CPU
		{FBEDAF0E-E2ED-4005-8D83-F980FA67FEB2}.AppStore|Any CPU.ActiveCfg = Release|Any CPU
		{FBEDAF0E-E2ED-4005-8D83-F980FA67FEB2}.AppStore|Any CPU.Build.0 = Release|Any CPU
		{FBEDAF0E-E2ED-4005-8D83-F980FA67FEB2}.AppStore|ARM.ActiveCfg = Release|Any CPU
		{FBEDAF0E-E2ED-4005-8D83-F980FA67FEB2}.AppStore|ARM.Build.0 = Release|Any CPU
		{FBEDAF0E-E2ED-4005-8D83-F980FA67FEB2}.AppStore|ARM64.ActiveCfg = Release|Any CPU
		{FBEDAF0E-E2ED-4005-8D83-F980FA67FEB2}.AppStore|ARM64.Build.0 = Release|Any CPU
		{FBEDAF0E-E2ED-4005-8D83-F980FA67FEB2}.AppStore|iPhone.ActiveCfg = Release|Any CPU
		{FBEDAF0E-E2ED-4005-8D83-F980FA67FEB2}.AppStore|iPhone.Build.0 = Release|Any CPU
		{FBEDAF0E-E2ED-4005-8D83-F980FA67FEB2}.AppStore|iPhoneSimulator.ActiveCfg = Release|Any CPU
		{FBEDAF0E-E2ED-4005-8D83-F980FA67FEB2}.AppStore|iPhoneSimulator.Build.0 = Release|Any CPU
		{FBEDAF0E-E2ED-4005-8D83-F980FA67FEB2}.AppStore|x64.ActiveCfg = Release|Any CPU
		{FBEDAF0E-E2ED-4005-8D83-F980FA67FEB2}.AppStore|x64.Build.0 = Release|Any CPU
		{FBEDAF0E-E2ED-4005-8D83-F980FA67FEB2}.AppStore|x86.ActiveCfg = Release|Any CPU
		{FBEDAF0E-E2ED-4005-8D83-F980FA67FEB2}.AppStore|x86.Build.0 = Release|Any CPU
		{FBEDAF0E-E2ED-4005-8D83-F980FA67FEB2}.Debug|Any CPU.ActiveCfg = Debug|Any CPU
		{FBEDAF0E-E2ED-4005-8D83-F980FA67FEB2}.Debug|Any CPU.Build.0 = Debug|Any CPU
		{FBEDAF0E-E2ED-4005-8D83-F980FA67FEB2}.Debug|ARM.ActiveCfg = Debug|Any CPU
		{FBEDAF0E-E2ED-4005-8D83-F980FA67FEB2}.Debug|ARM.Build.0 = Debug|Any CPU
		{FBEDAF0E-E2ED-4005-8D83-F980FA67FEB2}.Debug|ARM64.ActiveCfg = Debug|Any CPU
		{FBEDAF0E-E2ED-4005-8D83-F980FA67FEB2}.Debug|ARM64.Build.0 = Debug|Any CPU
		{FBEDAF0E-E2ED-4005-8D83-F980FA67FEB2}.Debug|iPhone.ActiveCfg = Debug|Any CPU
		{FBEDAF0E-E2ED-4005-8D83-F980FA67FEB2}.Debug|iPhone.Build.0 = Debug|Any CPU
		{FBEDAF0E-E2ED-4005-8D83-F980FA67FEB2}.Debug|iPhoneSimulator.ActiveCfg = Debug|Any CPU
		{FBEDAF0E-E2ED-4005-8D83-F980FA67FEB2}.Debug|iPhoneSimulator.Build.0 = Debug|Any CPU
		{FBEDAF0E-E2ED-4005-8D83-F980FA67FEB2}.Debug|x64.ActiveCfg = Debug|Any CPU
		{FBEDAF0E-E2ED-4005-8D83-F980FA67FEB2}.Debug|x64.Build.0 = Debug|Any CPU
		{FBEDAF0E-E2ED-4005-8D83-F980FA67FEB2}.Debug|x86.ActiveCfg = Debug|Any CPU
		{FBEDAF0E-E2ED-4005-8D83-F980FA67FEB2}.Debug|x86.Build.0 = Debug|Any CPU
		{FBEDAF0E-E2ED-4005-8D83-F980FA67FEB2}.Release|Any CPU.ActiveCfg = Release|Any CPU
		{FBEDAF0E-E2ED-4005-8D83-F980FA67FEB2}.Release|Any CPU.Build.0 = Release|Any CPU
		{FBEDAF0E-E2ED-4005-8D83-F980FA67FEB2}.Release|ARM.ActiveCfg = Release|Any CPU
		{FBEDAF0E-E2ED-4005-8D83-F980FA67FEB2}.Release|ARM.Build.0 = Release|Any CPU
		{FBEDAF0E-E2ED-4005-8D83-F980FA67FEB2}.Release|ARM64.ActiveCfg = Release|Any CPU
		{FBEDAF0E-E2ED-4005-8D83-F980FA67FEB2}.Release|ARM64.Build.0 = Release|Any CPU
		{FBEDAF0E-E2ED-4005-8D83-F980FA67FEB2}.Release|iPhone.ActiveCfg = Release|Any CPU
		{FBEDAF0E-E2ED-4005-8D83-F980FA67FEB2}.Release|iPhone.Build.0 = Release|Any CPU
		{FBEDAF0E-E2ED-4005-8D83-F980FA67FEB2}.Release|iPhoneSimulator.ActiveCfg = Release|Any CPU
		{FBEDAF0E-E2ED-4005-8D83-F980FA67FEB2}.Release|iPhoneSimulator.Build.0 = Release|Any CPU
		{FBEDAF0E-E2ED-4005-8D83-F980FA67FEB2}.Release|x64.ActiveCfg = Release|Any CPU
		{FBEDAF0E-E2ED-4005-8D83-F980FA67FEB2}.Release|x64.Build.0 = Release|Any CPU
		{FBEDAF0E-E2ED-4005-8D83-F980FA67FEB2}.Release|x86.ActiveCfg = Release|Any CPU
		{FBEDAF0E-E2ED-4005-8D83-F980FA67FEB2}.Release|x86.Build.0 = Release|Any CPU
		{904F13EC-DFBB-4939-B720-08CB3752093C}.Ad-Hoc|Any CPU.ActiveCfg = Release|Any CPU
		{904F13EC-DFBB-4939-B720-08CB3752093C}.Ad-Hoc|Any CPU.Build.0 = Release|Any CPU
		{904F13EC-DFBB-4939-B720-08CB3752093C}.Ad-Hoc|ARM.ActiveCfg = Release|Any CPU
		{904F13EC-DFBB-4939-B720-08CB3752093C}.Ad-Hoc|ARM.Build.0 = Release|Any CPU
		{904F13EC-DFBB-4939-B720-08CB3752093C}.Ad-Hoc|ARM64.ActiveCfg = Release|Any CPU
		{904F13EC-DFBB-4939-B720-08CB3752093C}.Ad-Hoc|ARM64.Build.0 = Release|Any CPU
		{904F13EC-DFBB-4939-B720-08CB3752093C}.Ad-Hoc|iPhone.ActiveCfg = Release|Any CPU
		{904F13EC-DFBB-4939-B720-08CB3752093C}.Ad-Hoc|iPhone.Build.0 = Release|Any CPU
		{904F13EC-DFBB-4939-B720-08CB3752093C}.Ad-Hoc|iPhoneSimulator.ActiveCfg = Release|Any CPU
		{904F13EC-DFBB-4939-B720-08CB3752093C}.Ad-Hoc|iPhoneSimulator.Build.0 = Release|Any CPU
		{904F13EC-DFBB-4939-B720-08CB3752093C}.Ad-Hoc|x64.ActiveCfg = Release|Any CPU
		{904F13EC-DFBB-4939-B720-08CB3752093C}.Ad-Hoc|x64.Build.0 = Release|Any CPU
		{904F13EC-DFBB-4939-B720-08CB3752093C}.Ad-Hoc|x86.ActiveCfg = Release|Any CPU
		{904F13EC-DFBB-4939-B720-08CB3752093C}.Ad-Hoc|x86.Build.0 = Release|Any CPU
		{904F13EC-DFBB-4939-B720-08CB3752093C}.Analysis|Any CPU.ActiveCfg = Debug|Any CPU
		{904F13EC-DFBB-4939-B720-08CB3752093C}.Analysis|Any CPU.Build.0 = Debug|Any CPU
		{904F13EC-DFBB-4939-B720-08CB3752093C}.Analysis|ARM.ActiveCfg = Release|Any CPU
		{904F13EC-DFBB-4939-B720-08CB3752093C}.Analysis|ARM.Build.0 = Release|Any CPU
		{904F13EC-DFBB-4939-B720-08CB3752093C}.Analysis|ARM64.ActiveCfg = Release|Any CPU
		{904F13EC-DFBB-4939-B720-08CB3752093C}.Analysis|ARM64.Build.0 = Release|Any CPU
		{904F13EC-DFBB-4939-B720-08CB3752093C}.Analysis|iPhone.ActiveCfg = Release|Any CPU
		{904F13EC-DFBB-4939-B720-08CB3752093C}.Analysis|iPhone.Build.0 = Release|Any CPU
		{904F13EC-DFBB-4939-B720-08CB3752093C}.Analysis|iPhoneSimulator.ActiveCfg = Release|Any CPU
		{904F13EC-DFBB-4939-B720-08CB3752093C}.Analysis|iPhoneSimulator.Build.0 = Release|Any CPU
		{904F13EC-DFBB-4939-B720-08CB3752093C}.Analysis|x64.ActiveCfg = Release|Any CPU
		{904F13EC-DFBB-4939-B720-08CB3752093C}.Analysis|x64.Build.0 = Release|Any CPU
		{904F13EC-DFBB-4939-B720-08CB3752093C}.Analysis|x86.ActiveCfg = Release|Any CPU
		{904F13EC-DFBB-4939-B720-08CB3752093C}.Analysis|x86.Build.0 = Release|Any CPU
		{904F13EC-DFBB-4939-B720-08CB3752093C}.AppStore|Any CPU.ActiveCfg = Release|Any CPU
		{904F13EC-DFBB-4939-B720-08CB3752093C}.AppStore|Any CPU.Build.0 = Release|Any CPU
		{904F13EC-DFBB-4939-B720-08CB3752093C}.AppStore|ARM.ActiveCfg = Release|Any CPU
		{904F13EC-DFBB-4939-B720-08CB3752093C}.AppStore|ARM.Build.0 = Release|Any CPU
		{904F13EC-DFBB-4939-B720-08CB3752093C}.AppStore|ARM64.ActiveCfg = Release|Any CPU
		{904F13EC-DFBB-4939-B720-08CB3752093C}.AppStore|ARM64.Build.0 = Release|Any CPU
		{904F13EC-DFBB-4939-B720-08CB3752093C}.AppStore|iPhone.ActiveCfg = Release|Any CPU
		{904F13EC-DFBB-4939-B720-08CB3752093C}.AppStore|iPhone.Build.0 = Release|Any CPU
		{904F13EC-DFBB-4939-B720-08CB3752093C}.AppStore|iPhoneSimulator.ActiveCfg = Release|Any CPU
		{904F13EC-DFBB-4939-B720-08CB3752093C}.AppStore|iPhoneSimulator.Build.0 = Release|Any CPU
		{904F13EC-DFBB-4939-B720-08CB3752093C}.AppStore|x64.ActiveCfg = Release|Any CPU
		{904F13EC-DFBB-4939-B720-08CB3752093C}.AppStore|x64.Build.0 = Release|Any CPU
		{904F13EC-DFBB-4939-B720-08CB3752093C}.AppStore|x86.ActiveCfg = Release|Any CPU
		{904F13EC-DFBB-4939-B720-08CB3752093C}.AppStore|x86.Build.0 = Release|Any CPU
		{904F13EC-DFBB-4939-B720-08CB3752093C}.Debug|Any CPU.ActiveCfg = Debug|Any CPU
		{904F13EC-DFBB-4939-B720-08CB3752093C}.Debug|Any CPU.Build.0 = Debug|Any CPU
		{904F13EC-DFBB-4939-B720-08CB3752093C}.Debug|ARM.ActiveCfg = Debug|Any CPU
		{904F13EC-DFBB-4939-B720-08CB3752093C}.Debug|ARM.Build.0 = Debug|Any CPU
		{904F13EC-DFBB-4939-B720-08CB3752093C}.Debug|ARM64.ActiveCfg = Debug|Any CPU
		{904F13EC-DFBB-4939-B720-08CB3752093C}.Debug|ARM64.Build.0 = Debug|Any CPU
		{904F13EC-DFBB-4939-B720-08CB3752093C}.Debug|iPhone.ActiveCfg = Debug|Any CPU
		{904F13EC-DFBB-4939-B720-08CB3752093C}.Debug|iPhone.Build.0 = Debug|Any CPU
		{904F13EC-DFBB-4939-B720-08CB3752093C}.Debug|iPhoneSimulator.ActiveCfg = Debug|Any CPU
		{904F13EC-DFBB-4939-B720-08CB3752093C}.Debug|iPhoneSimulator.Build.0 = Debug|Any CPU
		{904F13EC-DFBB-4939-B720-08CB3752093C}.Debug|x64.ActiveCfg = Debug|Any CPU
		{904F13EC-DFBB-4939-B720-08CB3752093C}.Debug|x64.Build.0 = Debug|Any CPU
		{904F13EC-DFBB-4939-B720-08CB3752093C}.Debug|x86.ActiveCfg = Debug|Any CPU
		{904F13EC-DFBB-4939-B720-08CB3752093C}.Debug|x86.Build.0 = Debug|Any CPU
		{904F13EC-DFBB-4939-B720-08CB3752093C}.Release|Any CPU.ActiveCfg = Release|Any CPU
		{904F13EC-DFBB-4939-B720-08CB3752093C}.Release|Any CPU.Build.0 = Release|Any CPU
		{904F13EC-DFBB-4939-B720-08CB3752093C}.Release|ARM.ActiveCfg = Release|Any CPU
		{904F13EC-DFBB-4939-B720-08CB3752093C}.Release|ARM.Build.0 = Release|Any CPU
		{904F13EC-DFBB-4939-B720-08CB3752093C}.Release|ARM64.ActiveCfg = Release|Any CPU
		{904F13EC-DFBB-4939-B720-08CB3752093C}.Release|ARM64.Build.0 = Release|Any CPU
		{904F13EC-DFBB-4939-B720-08CB3752093C}.Release|iPhone.ActiveCfg = Release|Any CPU
		{904F13EC-DFBB-4939-B720-08CB3752093C}.Release|iPhone.Build.0 = Release|Any CPU
		{904F13EC-DFBB-4939-B720-08CB3752093C}.Release|iPhoneSimulator.ActiveCfg = Release|Any CPU
		{904F13EC-DFBB-4939-B720-08CB3752093C}.Release|iPhoneSimulator.Build.0 = Release|Any CPU
		{904F13EC-DFBB-4939-B720-08CB3752093C}.Release|x64.ActiveCfg = Release|Any CPU
		{904F13EC-DFBB-4939-B720-08CB3752093C}.Release|x64.Build.0 = Release|Any CPU
		{904F13EC-DFBB-4939-B720-08CB3752093C}.Release|x86.ActiveCfg = Release|Any CPU
		{904F13EC-DFBB-4939-B720-08CB3752093C}.Release|x86.Build.0 = Release|Any CPU
		{34186C3B-C308-4CAE-B462-DB7B5F5E378C}.Ad-Hoc|Any CPU.ActiveCfg = Analysis|Any CPU
		{34186C3B-C308-4CAE-B462-DB7B5F5E378C}.Ad-Hoc|Any CPU.Build.0 = Analysis|Any CPU
		{34186C3B-C308-4CAE-B462-DB7B5F5E378C}.Ad-Hoc|ARM.ActiveCfg = Analysis|Any CPU
		{34186C3B-C308-4CAE-B462-DB7B5F5E378C}.Ad-Hoc|ARM.Build.0 = Analysis|Any CPU
		{34186C3B-C308-4CAE-B462-DB7B5F5E378C}.Ad-Hoc|ARM64.ActiveCfg = Analysis|Any CPU
		{34186C3B-C308-4CAE-B462-DB7B5F5E378C}.Ad-Hoc|ARM64.Build.0 = Analysis|Any CPU
		{34186C3B-C308-4CAE-B462-DB7B5F5E378C}.Ad-Hoc|iPhone.ActiveCfg = Analysis|Any CPU
		{34186C3B-C308-4CAE-B462-DB7B5F5E378C}.Ad-Hoc|iPhone.Build.0 = Analysis|Any CPU
		{34186C3B-C308-4CAE-B462-DB7B5F5E378C}.Ad-Hoc|iPhoneSimulator.ActiveCfg = Analysis|Any CPU
		{34186C3B-C308-4CAE-B462-DB7B5F5E378C}.Ad-Hoc|iPhoneSimulator.Build.0 = Analysis|Any CPU
		{34186C3B-C308-4CAE-B462-DB7B5F5E378C}.Ad-Hoc|x64.ActiveCfg = Analysis|Any CPU
		{34186C3B-C308-4CAE-B462-DB7B5F5E378C}.Ad-Hoc|x64.Build.0 = Analysis|Any CPU
		{34186C3B-C308-4CAE-B462-DB7B5F5E378C}.Ad-Hoc|x86.ActiveCfg = Analysis|Any CPU
		{34186C3B-C308-4CAE-B462-DB7B5F5E378C}.Ad-Hoc|x86.Build.0 = Analysis|Any CPU
		{34186C3B-C308-4CAE-B462-DB7B5F5E378C}.Analysis|Any CPU.ActiveCfg = Analysis|Any CPU
		{34186C3B-C308-4CAE-B462-DB7B5F5E378C}.Analysis|Any CPU.Build.0 = Analysis|Any CPU
		{34186C3B-C308-4CAE-B462-DB7B5F5E378C}.Analysis|ARM.ActiveCfg = Analysis|Any CPU
		{34186C3B-C308-4CAE-B462-DB7B5F5E378C}.Analysis|ARM.Build.0 = Analysis|Any CPU
		{34186C3B-C308-4CAE-B462-DB7B5F5E378C}.Analysis|ARM64.ActiveCfg = Analysis|Any CPU
		{34186C3B-C308-4CAE-B462-DB7B5F5E378C}.Analysis|ARM64.Build.0 = Analysis|Any CPU
		{34186C3B-C308-4CAE-B462-DB7B5F5E378C}.Analysis|iPhone.ActiveCfg = Analysis|Any CPU
		{34186C3B-C308-4CAE-B462-DB7B5F5E378C}.Analysis|iPhone.Build.0 = Analysis|Any CPU
		{34186C3B-C308-4CAE-B462-DB7B5F5E378C}.Analysis|iPhoneSimulator.ActiveCfg = Analysis|Any CPU
		{34186C3B-C308-4CAE-B462-DB7B5F5E378C}.Analysis|iPhoneSimulator.Build.0 = Analysis|Any CPU
		{34186C3B-C308-4CAE-B462-DB7B5F5E378C}.Analysis|x64.ActiveCfg = Analysis|Any CPU
		{34186C3B-C308-4CAE-B462-DB7B5F5E378C}.Analysis|x64.Build.0 = Analysis|Any CPU
		{34186C3B-C308-4CAE-B462-DB7B5F5E378C}.Analysis|x86.ActiveCfg = Analysis|Any CPU
		{34186C3B-C308-4CAE-B462-DB7B5F5E378C}.Analysis|x86.Build.0 = Analysis|Any CPU
		{34186C3B-C308-4CAE-B462-DB7B5F5E378C}.AppStore|Any CPU.ActiveCfg = Analysis|Any CPU
		{34186C3B-C308-4CAE-B462-DB7B5F5E378C}.AppStore|Any CPU.Build.0 = Analysis|Any CPU
		{34186C3B-C308-4CAE-B462-DB7B5F5E378C}.AppStore|ARM.ActiveCfg = Analysis|Any CPU
		{34186C3B-C308-4CAE-B462-DB7B5F5E378C}.AppStore|ARM.Build.0 = Analysis|Any CPU
		{34186C3B-C308-4CAE-B462-DB7B5F5E378C}.AppStore|ARM64.ActiveCfg = Analysis|Any CPU
		{34186C3B-C308-4CAE-B462-DB7B5F5E378C}.AppStore|ARM64.Build.0 = Analysis|Any CPU
		{34186C3B-C308-4CAE-B462-DB7B5F5E378C}.AppStore|iPhone.ActiveCfg = Analysis|Any CPU
		{34186C3B-C308-4CAE-B462-DB7B5F5E378C}.AppStore|iPhone.Build.0 = Analysis|Any CPU
		{34186C3B-C308-4CAE-B462-DB7B5F5E378C}.AppStore|iPhoneSimulator.ActiveCfg = Analysis|Any CPU
		{34186C3B-C308-4CAE-B462-DB7B5F5E378C}.AppStore|iPhoneSimulator.Build.0 = Analysis|Any CPU
		{34186C3B-C308-4CAE-B462-DB7B5F5E378C}.AppStore|x64.ActiveCfg = Analysis|Any CPU
		{34186C3B-C308-4CAE-B462-DB7B5F5E378C}.AppStore|x64.Build.0 = Analysis|Any CPU
		{34186C3B-C308-4CAE-B462-DB7B5F5E378C}.AppStore|x86.ActiveCfg = Analysis|Any CPU
		{34186C3B-C308-4CAE-B462-DB7B5F5E378C}.AppStore|x86.Build.0 = Analysis|Any CPU
		{34186C3B-C308-4CAE-B462-DB7B5F5E378C}.Debug|Any CPU.ActiveCfg = Debug|Any CPU
		{34186C3B-C308-4CAE-B462-DB7B5F5E378C}.Debug|Any CPU.Build.0 = Debug|Any CPU
		{34186C3B-C308-4CAE-B462-DB7B5F5E378C}.Debug|ARM.ActiveCfg = Debug|Any CPU
		{34186C3B-C308-4CAE-B462-DB7B5F5E378C}.Debug|ARM.Build.0 = Debug|Any CPU
		{34186C3B-C308-4CAE-B462-DB7B5F5E378C}.Debug|ARM64.ActiveCfg = Debug|Any CPU
		{34186C3B-C308-4CAE-B462-DB7B5F5E378C}.Debug|ARM64.Build.0 = Debug|Any CPU
		{34186C3B-C308-4CAE-B462-DB7B5F5E378C}.Debug|iPhone.ActiveCfg = Debug|Any CPU
		{34186C3B-C308-4CAE-B462-DB7B5F5E378C}.Debug|iPhone.Build.0 = Debug|Any CPU
		{34186C3B-C308-4CAE-B462-DB7B5F5E378C}.Debug|iPhoneSimulator.ActiveCfg = Debug|Any CPU
		{34186C3B-C308-4CAE-B462-DB7B5F5E378C}.Debug|iPhoneSimulator.Build.0 = Debug|Any CPU
		{34186C3B-C308-4CAE-B462-DB7B5F5E378C}.Debug|x64.ActiveCfg = Debug|Any CPU
		{34186C3B-C308-4CAE-B462-DB7B5F5E378C}.Debug|x64.Build.0 = Debug|Any CPU
		{34186C3B-C308-4CAE-B462-DB7B5F5E378C}.Debug|x86.ActiveCfg = Debug|Any CPU
		{34186C3B-C308-4CAE-B462-DB7B5F5E378C}.Debug|x86.Build.0 = Debug|Any CPU
		{34186C3B-C308-4CAE-B462-DB7B5F5E378C}.Release|Any CPU.ActiveCfg = Release|Any CPU
		{34186C3B-C308-4CAE-B462-DB7B5F5E378C}.Release|Any CPU.Build.0 = Release|Any CPU
		{34186C3B-C308-4CAE-B462-DB7B5F5E378C}.Release|ARM.ActiveCfg = Release|Any CPU
		{34186C3B-C308-4CAE-B462-DB7B5F5E378C}.Release|ARM.Build.0 = Release|Any CPU
		{34186C3B-C308-4CAE-B462-DB7B5F5E378C}.Release|ARM64.ActiveCfg = Release|Any CPU
		{34186C3B-C308-4CAE-B462-DB7B5F5E378C}.Release|ARM64.Build.0 = Release|Any CPU
		{34186C3B-C308-4CAE-B462-DB7B5F5E378C}.Release|iPhone.ActiveCfg = Release|Any CPU
		{34186C3B-C308-4CAE-B462-DB7B5F5E378C}.Release|iPhone.Build.0 = Release|Any CPU
		{34186C3B-C308-4CAE-B462-DB7B5F5E378C}.Release|iPhoneSimulator.ActiveCfg = Release|Any CPU
		{34186C3B-C308-4CAE-B462-DB7B5F5E378C}.Release|iPhoneSimulator.Build.0 = Release|Any CPU
		{34186C3B-C308-4CAE-B462-DB7B5F5E378C}.Release|x64.ActiveCfg = Release|Any CPU
		{34186C3B-C308-4CAE-B462-DB7B5F5E378C}.Release|x64.Build.0 = Release|Any CPU
		{34186C3B-C308-4CAE-B462-DB7B5F5E378C}.Release|x86.ActiveCfg = Release|Any CPU
		{34186C3B-C308-4CAE-B462-DB7B5F5E378C}.Release|x86.Build.0 = Release|Any CPU
		{64ABC82F-AA30-4C9B-8D1A-97AAB7FB6408}.Ad-Hoc|Any CPU.ActiveCfg = Release|Any CPU
		{64ABC82F-AA30-4C9B-8D1A-97AAB7FB6408}.Ad-Hoc|Any CPU.Build.0 = Release|Any CPU
		{64ABC82F-AA30-4C9B-8D1A-97AAB7FB6408}.Ad-Hoc|ARM.ActiveCfg = Release|Any CPU
		{64ABC82F-AA30-4C9B-8D1A-97AAB7FB6408}.Ad-Hoc|ARM.Build.0 = Release|Any CPU
		{64ABC82F-AA30-4C9B-8D1A-97AAB7FB6408}.Ad-Hoc|ARM64.ActiveCfg = Release|Any CPU
		{64ABC82F-AA30-4C9B-8D1A-97AAB7FB6408}.Ad-Hoc|ARM64.Build.0 = Release|Any CPU
		{64ABC82F-AA30-4C9B-8D1A-97AAB7FB6408}.Ad-Hoc|iPhone.ActiveCfg = Release|Any CPU
		{64ABC82F-AA30-4C9B-8D1A-97AAB7FB6408}.Ad-Hoc|iPhone.Build.0 = Release|Any CPU
		{64ABC82F-AA30-4C9B-8D1A-97AAB7FB6408}.Ad-Hoc|iPhoneSimulator.ActiveCfg = Release|Any CPU
		{64ABC82F-AA30-4C9B-8D1A-97AAB7FB6408}.Ad-Hoc|iPhoneSimulator.Build.0 = Release|Any CPU
		{64ABC82F-AA30-4C9B-8D1A-97AAB7FB6408}.Ad-Hoc|x64.ActiveCfg = Release|Any CPU
		{64ABC82F-AA30-4C9B-8D1A-97AAB7FB6408}.Ad-Hoc|x64.Build.0 = Release|Any CPU
		{64ABC82F-AA30-4C9B-8D1A-97AAB7FB6408}.Ad-Hoc|x86.ActiveCfg = Release|Any CPU
		{64ABC82F-AA30-4C9B-8D1A-97AAB7FB6408}.Ad-Hoc|x86.Build.0 = Release|Any CPU
		{64ABC82F-AA30-4C9B-8D1A-97AAB7FB6408}.Analysis|Any CPU.ActiveCfg = Release|Any CPU
		{64ABC82F-AA30-4C9B-8D1A-97AAB7FB6408}.Analysis|Any CPU.Build.0 = Release|Any CPU
		{64ABC82F-AA30-4C9B-8D1A-97AAB7FB6408}.Analysis|ARM.ActiveCfg = Release|Any CPU
		{64ABC82F-AA30-4C9B-8D1A-97AAB7FB6408}.Analysis|ARM.Build.0 = Release|Any CPU
		{64ABC82F-AA30-4C9B-8D1A-97AAB7FB6408}.Analysis|ARM64.ActiveCfg = Release|Any CPU
		{64ABC82F-AA30-4C9B-8D1A-97AAB7FB6408}.Analysis|ARM64.Build.0 = Release|Any CPU
		{64ABC82F-AA30-4C9B-8D1A-97AAB7FB6408}.Analysis|iPhone.ActiveCfg = Release|Any CPU
		{64ABC82F-AA30-4C9B-8D1A-97AAB7FB6408}.Analysis|iPhone.Build.0 = Release|Any CPU
		{64ABC82F-AA30-4C9B-8D1A-97AAB7FB6408}.Analysis|iPhoneSimulator.ActiveCfg = Release|Any CPU
		{64ABC82F-AA30-4C9B-8D1A-97AAB7FB6408}.Analysis|iPhoneSimulator.Build.0 = Release|Any CPU
		{64ABC82F-AA30-4C9B-8D1A-97AAB7FB6408}.Analysis|x64.ActiveCfg = Release|Any CPU
		{64ABC82F-AA30-4C9B-8D1A-97AAB7FB6408}.Analysis|x64.Build.0 = Release|Any CPU
		{64ABC82F-AA30-4C9B-8D1A-97AAB7FB6408}.Analysis|x86.ActiveCfg = Release|Any CPU
		{64ABC82F-AA30-4C9B-8D1A-97AAB7FB6408}.Analysis|x86.Build.0 = Release|Any CPU
		{64ABC82F-AA30-4C9B-8D1A-97AAB7FB6408}.AppStore|Any CPU.ActiveCfg = Release|Any CPU
		{64ABC82F-AA30-4C9B-8D1A-97AAB7FB6408}.AppStore|Any CPU.Build.0 = Release|Any CPU
		{64ABC82F-AA30-4C9B-8D1A-97AAB7FB6408}.AppStore|ARM.ActiveCfg = Release|Any CPU
		{64ABC82F-AA30-4C9B-8D1A-97AAB7FB6408}.AppStore|ARM.Build.0 = Release|Any CPU
		{64ABC82F-AA30-4C9B-8D1A-97AAB7FB6408}.AppStore|ARM64.ActiveCfg = Release|Any CPU
		{64ABC82F-AA30-4C9B-8D1A-97AAB7FB6408}.AppStore|ARM64.Build.0 = Release|Any CPU
		{64ABC82F-AA30-4C9B-8D1A-97AAB7FB6408}.AppStore|iPhone.ActiveCfg = Release|Any CPU
		{64ABC82F-AA30-4C9B-8D1A-97AAB7FB6408}.AppStore|iPhone.Build.0 = Release|Any CPU
		{64ABC82F-AA30-4C9B-8D1A-97AAB7FB6408}.AppStore|iPhoneSimulator.ActiveCfg = Release|Any CPU
		{64ABC82F-AA30-4C9B-8D1A-97AAB7FB6408}.AppStore|iPhoneSimulator.Build.0 = Release|Any CPU
		{64ABC82F-AA30-4C9B-8D1A-97AAB7FB6408}.AppStore|x64.ActiveCfg = Release|Any CPU
		{64ABC82F-AA30-4C9B-8D1A-97AAB7FB6408}.AppStore|x64.Build.0 = Release|Any CPU
		{64ABC82F-AA30-4C9B-8D1A-97AAB7FB6408}.AppStore|x86.ActiveCfg = Release|Any CPU
		{64ABC82F-AA30-4C9B-8D1A-97AAB7FB6408}.AppStore|x86.Build.0 = Release|Any CPU
		{64ABC82F-AA30-4C9B-8D1A-97AAB7FB6408}.Debug|Any CPU.ActiveCfg = Debug|Any CPU
		{64ABC82F-AA30-4C9B-8D1A-97AAB7FB6408}.Debug|Any CPU.Build.0 = Debug|Any CPU
		{64ABC82F-AA30-4C9B-8D1A-97AAB7FB6408}.Debug|ARM.ActiveCfg = Debug|Any CPU
		{64ABC82F-AA30-4C9B-8D1A-97AAB7FB6408}.Debug|ARM.Build.0 = Debug|Any CPU
		{64ABC82F-AA30-4C9B-8D1A-97AAB7FB6408}.Debug|ARM64.ActiveCfg = Debug|Any CPU
		{64ABC82F-AA30-4C9B-8D1A-97AAB7FB6408}.Debug|ARM64.Build.0 = Debug|Any CPU
		{64ABC82F-AA30-4C9B-8D1A-97AAB7FB6408}.Debug|iPhone.ActiveCfg = Debug|Any CPU
		{64ABC82F-AA30-4C9B-8D1A-97AAB7FB6408}.Debug|iPhone.Build.0 = Debug|Any CPU
		{64ABC82F-AA30-4C9B-8D1A-97AAB7FB6408}.Debug|iPhoneSimulator.ActiveCfg = Debug|Any CPU
		{64ABC82F-AA30-4C9B-8D1A-97AAB7FB6408}.Debug|iPhoneSimulator.Build.0 = Debug|Any CPU
		{64ABC82F-AA30-4C9B-8D1A-97AAB7FB6408}.Debug|x64.ActiveCfg = Debug|Any CPU
		{64ABC82F-AA30-4C9B-8D1A-97AAB7FB6408}.Debug|x64.Build.0 = Debug|Any CPU
		{64ABC82F-AA30-4C9B-8D1A-97AAB7FB6408}.Debug|x86.ActiveCfg = Debug|Any CPU
		{64ABC82F-AA30-4C9B-8D1A-97AAB7FB6408}.Debug|x86.Build.0 = Debug|Any CPU
		{64ABC82F-AA30-4C9B-8D1A-97AAB7FB6408}.Release|Any CPU.ActiveCfg = Release|Any CPU
		{64ABC82F-AA30-4C9B-8D1A-97AAB7FB6408}.Release|Any CPU.Build.0 = Release|Any CPU
		{64ABC82F-AA30-4C9B-8D1A-97AAB7FB6408}.Release|ARM.ActiveCfg = Release|Any CPU
		{64ABC82F-AA30-4C9B-8D1A-97AAB7FB6408}.Release|ARM.Build.0 = Release|Any CPU
		{64ABC82F-AA30-4C9B-8D1A-97AAB7FB6408}.Release|ARM64.ActiveCfg = Release|Any CPU
		{64ABC82F-AA30-4C9B-8D1A-97AAB7FB6408}.Release|ARM64.Build.0 = Release|Any CPU
		{64ABC82F-AA30-4C9B-8D1A-97AAB7FB6408}.Release|iPhone.ActiveCfg = Release|Any CPU
		{64ABC82F-AA30-4C9B-8D1A-97AAB7FB6408}.Release|iPhone.Build.0 = Release|Any CPU
		{64ABC82F-AA30-4C9B-8D1A-97AAB7FB6408}.Release|iPhoneSimulator.ActiveCfg = Release|Any CPU
		{64ABC82F-AA30-4C9B-8D1A-97AAB7FB6408}.Release|iPhoneSimulator.Build.0 = Release|Any CPU
		{64ABC82F-AA30-4C9B-8D1A-97AAB7FB6408}.Release|x64.ActiveCfg = Release|Any CPU
		{64ABC82F-AA30-4C9B-8D1A-97AAB7FB6408}.Release|x64.Build.0 = Release|Any CPU
		{64ABC82F-AA30-4C9B-8D1A-97AAB7FB6408}.Release|x86.ActiveCfg = Release|Any CPU
		{64ABC82F-AA30-4C9B-8D1A-97AAB7FB6408}.Release|x86.Build.0 = Release|Any CPU
		{E91DEC9F-6569-431A-B7AA-BCF9BA27EFE5}.Ad-Hoc|Any CPU.ActiveCfg = Release|Any CPU
		{E91DEC9F-6569-431A-B7AA-BCF9BA27EFE5}.Ad-Hoc|Any CPU.Build.0 = Release|Any CPU
		{E91DEC9F-6569-431A-B7AA-BCF9BA27EFE5}.Ad-Hoc|ARM.ActiveCfg = Release|Any CPU
		{E91DEC9F-6569-431A-B7AA-BCF9BA27EFE5}.Ad-Hoc|ARM.Build.0 = Release|Any CPU
		{E91DEC9F-6569-431A-B7AA-BCF9BA27EFE5}.Ad-Hoc|ARM64.ActiveCfg = Release|Any CPU
		{E91DEC9F-6569-431A-B7AA-BCF9BA27EFE5}.Ad-Hoc|ARM64.Build.0 = Release|Any CPU
		{E91DEC9F-6569-431A-B7AA-BCF9BA27EFE5}.Ad-Hoc|iPhone.ActiveCfg = Release|Any CPU
		{E91DEC9F-6569-431A-B7AA-BCF9BA27EFE5}.Ad-Hoc|iPhone.Build.0 = Release|Any CPU
		{E91DEC9F-6569-431A-B7AA-BCF9BA27EFE5}.Ad-Hoc|iPhoneSimulator.ActiveCfg = Release|Any CPU
		{E91DEC9F-6569-431A-B7AA-BCF9BA27EFE5}.Ad-Hoc|iPhoneSimulator.Build.0 = Release|Any CPU
		{E91DEC9F-6569-431A-B7AA-BCF9BA27EFE5}.Ad-Hoc|x64.ActiveCfg = Release|Any CPU
		{E91DEC9F-6569-431A-B7AA-BCF9BA27EFE5}.Ad-Hoc|x64.Build.0 = Release|Any CPU
		{E91DEC9F-6569-431A-B7AA-BCF9BA27EFE5}.Ad-Hoc|x86.ActiveCfg = Release|Any CPU
		{E91DEC9F-6569-431A-B7AA-BCF9BA27EFE5}.Ad-Hoc|x86.Build.0 = Release|Any CPU
		{E91DEC9F-6569-431A-B7AA-BCF9BA27EFE5}.Analysis|Any CPU.ActiveCfg = Release|Any CPU
		{E91DEC9F-6569-431A-B7AA-BCF9BA27EFE5}.Analysis|Any CPU.Build.0 = Release|Any CPU
		{E91DEC9F-6569-431A-B7AA-BCF9BA27EFE5}.Analysis|ARM.ActiveCfg = Release|Any CPU
		{E91DEC9F-6569-431A-B7AA-BCF9BA27EFE5}.Analysis|ARM.Build.0 = Release|Any CPU
		{E91DEC9F-6569-431A-B7AA-BCF9BA27EFE5}.Analysis|ARM64.ActiveCfg = Release|Any CPU
		{E91DEC9F-6569-431A-B7AA-BCF9BA27EFE5}.Analysis|ARM64.Build.0 = Release|Any CPU
		{E91DEC9F-6569-431A-B7AA-BCF9BA27EFE5}.Analysis|iPhone.ActiveCfg = Release|Any CPU
		{E91DEC9F-6569-431A-B7AA-BCF9BA27EFE5}.Analysis|iPhone.Build.0 = Release|Any CPU
		{E91DEC9F-6569-431A-B7AA-BCF9BA27EFE5}.Analysis|iPhoneSimulator.ActiveCfg = Release|Any CPU
		{E91DEC9F-6569-431A-B7AA-BCF9BA27EFE5}.Analysis|iPhoneSimulator.Build.0 = Release|Any CPU
		{E91DEC9F-6569-431A-B7AA-BCF9BA27EFE5}.Analysis|x64.ActiveCfg = Release|Any CPU
		{E91DEC9F-6569-431A-B7AA-BCF9BA27EFE5}.Analysis|x64.Build.0 = Release|Any CPU
		{E91DEC9F-6569-431A-B7AA-BCF9BA27EFE5}.Analysis|x86.ActiveCfg = Release|Any CPU
		{E91DEC9F-6569-431A-B7AA-BCF9BA27EFE5}.Analysis|x86.Build.0 = Release|Any CPU
		{E91DEC9F-6569-431A-B7AA-BCF9BA27EFE5}.AppStore|Any CPU.ActiveCfg = Release|Any CPU
		{E91DEC9F-6569-431A-B7AA-BCF9BA27EFE5}.AppStore|Any CPU.Build.0 = Release|Any CPU
		{E91DEC9F-6569-431A-B7AA-BCF9BA27EFE5}.AppStore|ARM.ActiveCfg = Release|Any CPU
		{E91DEC9F-6569-431A-B7AA-BCF9BA27EFE5}.AppStore|ARM.Build.0 = Release|Any CPU
		{E91DEC9F-6569-431A-B7AA-BCF9BA27EFE5}.AppStore|ARM64.ActiveCfg = Release|Any CPU
		{E91DEC9F-6569-431A-B7AA-BCF9BA27EFE5}.AppStore|ARM64.Build.0 = Release|Any CPU
		{E91DEC9F-6569-431A-B7AA-BCF9BA27EFE5}.AppStore|iPhone.ActiveCfg = Release|Any CPU
		{E91DEC9F-6569-431A-B7AA-BCF9BA27EFE5}.AppStore|iPhone.Build.0 = Release|Any CPU
		{E91DEC9F-6569-431A-B7AA-BCF9BA27EFE5}.AppStore|iPhoneSimulator.ActiveCfg = Release|Any CPU
		{E91DEC9F-6569-431A-B7AA-BCF9BA27EFE5}.AppStore|iPhoneSimulator.Build.0 = Release|Any CPU
		{E91DEC9F-6569-431A-B7AA-BCF9BA27EFE5}.AppStore|x64.ActiveCfg = Release|Any CPU
		{E91DEC9F-6569-431A-B7AA-BCF9BA27EFE5}.AppStore|x64.Build.0 = Release|Any CPU
		{E91DEC9F-6569-431A-B7AA-BCF9BA27EFE5}.AppStore|x86.ActiveCfg = Release|Any CPU
		{E91DEC9F-6569-431A-B7AA-BCF9BA27EFE5}.AppStore|x86.Build.0 = Release|Any CPU
		{E91DEC9F-6569-431A-B7AA-BCF9BA27EFE5}.Debug|Any CPU.ActiveCfg = Debug|Any CPU
		{E91DEC9F-6569-431A-B7AA-BCF9BA27EFE5}.Debug|Any CPU.Build.0 = Debug|Any CPU
		{E91DEC9F-6569-431A-B7AA-BCF9BA27EFE5}.Debug|ARM.ActiveCfg = Debug|Any CPU
		{E91DEC9F-6569-431A-B7AA-BCF9BA27EFE5}.Debug|ARM.Build.0 = Debug|Any CPU
		{E91DEC9F-6569-431A-B7AA-BCF9BA27EFE5}.Debug|ARM64.ActiveCfg = Debug|Any CPU
		{E91DEC9F-6569-431A-B7AA-BCF9BA27EFE5}.Debug|ARM64.Build.0 = Debug|Any CPU
		{E91DEC9F-6569-431A-B7AA-BCF9BA27EFE5}.Debug|iPhone.ActiveCfg = Debug|Any CPU
		{E91DEC9F-6569-431A-B7AA-BCF9BA27EFE5}.Debug|iPhone.Build.0 = Debug|Any CPU
		{E91DEC9F-6569-431A-B7AA-BCF9BA27EFE5}.Debug|iPhoneSimulator.ActiveCfg = Debug|Any CPU
		{E91DEC9F-6569-431A-B7AA-BCF9BA27EFE5}.Debug|iPhoneSimulator.Build.0 = Debug|Any CPU
		{E91DEC9F-6569-431A-B7AA-BCF9BA27EFE5}.Debug|x64.ActiveCfg = Debug|Any CPU
		{E91DEC9F-6569-431A-B7AA-BCF9BA27EFE5}.Debug|x64.Build.0 = Debug|Any CPU
		{E91DEC9F-6569-431A-B7AA-BCF9BA27EFE5}.Debug|x86.ActiveCfg = Debug|Any CPU
		{E91DEC9F-6569-431A-B7AA-BCF9BA27EFE5}.Debug|x86.Build.0 = Debug|Any CPU
		{E91DEC9F-6569-431A-B7AA-BCF9BA27EFE5}.Release|Any CPU.ActiveCfg = Release|Any CPU
		{E91DEC9F-6569-431A-B7AA-BCF9BA27EFE5}.Release|Any CPU.Build.0 = Release|Any CPU
		{E91DEC9F-6569-431A-B7AA-BCF9BA27EFE5}.Release|ARM.ActiveCfg = Release|Any CPU
		{E91DEC9F-6569-431A-B7AA-BCF9BA27EFE5}.Release|ARM.Build.0 = Release|Any CPU
		{E91DEC9F-6569-431A-B7AA-BCF9BA27EFE5}.Release|ARM64.ActiveCfg = Release|Any CPU
		{E91DEC9F-6569-431A-B7AA-BCF9BA27EFE5}.Release|ARM64.Build.0 = Release|Any CPU
		{E91DEC9F-6569-431A-B7AA-BCF9BA27EFE5}.Release|iPhone.ActiveCfg = Release|Any CPU
		{E91DEC9F-6569-431A-B7AA-BCF9BA27EFE5}.Release|iPhone.Build.0 = Release|Any CPU
		{E91DEC9F-6569-431A-B7AA-BCF9BA27EFE5}.Release|iPhoneSimulator.ActiveCfg = Release|Any CPU
		{E91DEC9F-6569-431A-B7AA-BCF9BA27EFE5}.Release|iPhoneSimulator.Build.0 = Release|Any CPU
		{E91DEC9F-6569-431A-B7AA-BCF9BA27EFE5}.Release|x64.ActiveCfg = Release|Any CPU
		{E91DEC9F-6569-431A-B7AA-BCF9BA27EFE5}.Release|x64.Build.0 = Release|Any CPU
		{E91DEC9F-6569-431A-B7AA-BCF9BA27EFE5}.Release|x86.ActiveCfg = Release|Any CPU
		{E91DEC9F-6569-431A-B7AA-BCF9BA27EFE5}.Release|x86.Build.0 = Release|Any CPU
		{9298ABA0-F1B8-4C89-B2A3-F8D5122D2589}.Ad-Hoc|Any CPU.ActiveCfg = Release|Any CPU
		{9298ABA0-F1B8-4C89-B2A3-F8D5122D2589}.Ad-Hoc|Any CPU.Build.0 = Release|Any CPU
		{9298ABA0-F1B8-4C89-B2A3-F8D5122D2589}.Ad-Hoc|ARM.ActiveCfg = Release|Any CPU
		{9298ABA0-F1B8-4C89-B2A3-F8D5122D2589}.Ad-Hoc|ARM.Build.0 = Release|Any CPU
		{9298ABA0-F1B8-4C89-B2A3-F8D5122D2589}.Ad-Hoc|ARM64.ActiveCfg = Release|Any CPU
		{9298ABA0-F1B8-4C89-B2A3-F8D5122D2589}.Ad-Hoc|ARM64.Build.0 = Release|Any CPU
		{9298ABA0-F1B8-4C89-B2A3-F8D5122D2589}.Ad-Hoc|iPhone.ActiveCfg = Release|Any CPU
		{9298ABA0-F1B8-4C89-B2A3-F8D5122D2589}.Ad-Hoc|iPhone.Build.0 = Release|Any CPU
		{9298ABA0-F1B8-4C89-B2A3-F8D5122D2589}.Ad-Hoc|iPhoneSimulator.ActiveCfg = Release|Any CPU
		{9298ABA0-F1B8-4C89-B2A3-F8D5122D2589}.Ad-Hoc|iPhoneSimulator.Build.0 = Release|Any CPU
		{9298ABA0-F1B8-4C89-B2A3-F8D5122D2589}.Ad-Hoc|x64.ActiveCfg = Release|Any CPU
		{9298ABA0-F1B8-4C89-B2A3-F8D5122D2589}.Ad-Hoc|x64.Build.0 = Release|Any CPU
		{9298ABA0-F1B8-4C89-B2A3-F8D5122D2589}.Ad-Hoc|x86.ActiveCfg = Release|Any CPU
		{9298ABA0-F1B8-4C89-B2A3-F8D5122D2589}.Ad-Hoc|x86.Build.0 = Release|Any CPU
		{9298ABA0-F1B8-4C89-B2A3-F8D5122D2589}.Analysis|Any CPU.ActiveCfg = Release|Any CPU
		{9298ABA0-F1B8-4C89-B2A3-F8D5122D2589}.Analysis|Any CPU.Build.0 = Release|Any CPU
		{9298ABA0-F1B8-4C89-B2A3-F8D5122D2589}.Analysis|ARM.ActiveCfg = Release|Any CPU
		{9298ABA0-F1B8-4C89-B2A3-F8D5122D2589}.Analysis|ARM.Build.0 = Release|Any CPU
		{9298ABA0-F1B8-4C89-B2A3-F8D5122D2589}.Analysis|ARM64.ActiveCfg = Release|Any CPU
		{9298ABA0-F1B8-4C89-B2A3-F8D5122D2589}.Analysis|ARM64.Build.0 = Release|Any CPU
		{9298ABA0-F1B8-4C89-B2A3-F8D5122D2589}.Analysis|iPhone.ActiveCfg = Release|Any CPU
		{9298ABA0-F1B8-4C89-B2A3-F8D5122D2589}.Analysis|iPhone.Build.0 = Release|Any CPU
		{9298ABA0-F1B8-4C89-B2A3-F8D5122D2589}.Analysis|iPhoneSimulator.ActiveCfg = Release|Any CPU
		{9298ABA0-F1B8-4C89-B2A3-F8D5122D2589}.Analysis|iPhoneSimulator.Build.0 = Release|Any CPU
		{9298ABA0-F1B8-4C89-B2A3-F8D5122D2589}.Analysis|x64.ActiveCfg = Release|Any CPU
		{9298ABA0-F1B8-4C89-B2A3-F8D5122D2589}.Analysis|x64.Build.0 = Release|Any CPU
		{9298ABA0-F1B8-4C89-B2A3-F8D5122D2589}.Analysis|x86.ActiveCfg = Release|Any CPU
		{9298ABA0-F1B8-4C89-B2A3-F8D5122D2589}.Analysis|x86.Build.0 = Release|Any CPU
		{9298ABA0-F1B8-4C89-B2A3-F8D5122D2589}.AppStore|Any CPU.ActiveCfg = Release|Any CPU
		{9298ABA0-F1B8-4C89-B2A3-F8D5122D2589}.AppStore|Any CPU.Build.0 = Release|Any CPU
		{9298ABA0-F1B8-4C89-B2A3-F8D5122D2589}.AppStore|ARM.ActiveCfg = Release|Any CPU
		{9298ABA0-F1B8-4C89-B2A3-F8D5122D2589}.AppStore|ARM.Build.0 = Release|Any CPU
		{9298ABA0-F1B8-4C89-B2A3-F8D5122D2589}.AppStore|ARM64.ActiveCfg = Release|Any CPU
		{9298ABA0-F1B8-4C89-B2A3-F8D5122D2589}.AppStore|ARM64.Build.0 = Release|Any CPU
		{9298ABA0-F1B8-4C89-B2A3-F8D5122D2589}.AppStore|iPhone.ActiveCfg = Release|Any CPU
		{9298ABA0-F1B8-4C89-B2A3-F8D5122D2589}.AppStore|iPhone.Build.0 = Release|Any CPU
		{9298ABA0-F1B8-4C89-B2A3-F8D5122D2589}.AppStore|iPhoneSimulator.ActiveCfg = Release|Any CPU
		{9298ABA0-F1B8-4C89-B2A3-F8D5122D2589}.AppStore|iPhoneSimulator.Build.0 = Release|Any CPU
		{9298ABA0-F1B8-4C89-B2A3-F8D5122D2589}.AppStore|x64.ActiveCfg = Release|Any CPU
		{9298ABA0-F1B8-4C89-B2A3-F8D5122D2589}.AppStore|x64.Build.0 = Release|Any CPU
		{9298ABA0-F1B8-4C89-B2A3-F8D5122D2589}.AppStore|x86.ActiveCfg = Release|Any CPU
		{9298ABA0-F1B8-4C89-B2A3-F8D5122D2589}.AppStore|x86.Build.0 = Release|Any CPU
		{9298ABA0-F1B8-4C89-B2A3-F8D5122D2589}.Debug|Any CPU.ActiveCfg = Debug|Any CPU
		{9298ABA0-F1B8-4C89-B2A3-F8D5122D2589}.Debug|Any CPU.Build.0 = Debug|Any CPU
		{9298ABA0-F1B8-4C89-B2A3-F8D5122D2589}.Debug|ARM.ActiveCfg = Debug|Any CPU
		{9298ABA0-F1B8-4C89-B2A3-F8D5122D2589}.Debug|ARM.Build.0 = Debug|Any CPU
		{9298ABA0-F1B8-4C89-B2A3-F8D5122D2589}.Debug|ARM64.ActiveCfg = Debug|Any CPU
		{9298ABA0-F1B8-4C89-B2A3-F8D5122D2589}.Debug|ARM64.Build.0 = Debug|Any CPU
		{9298ABA0-F1B8-4C89-B2A3-F8D5122D2589}.Debug|iPhone.ActiveCfg = Debug|Any CPU
		{9298ABA0-F1B8-4C89-B2A3-F8D5122D2589}.Debug|iPhone.Build.0 = Debug|Any CPU
		{9298ABA0-F1B8-4C89-B2A3-F8D5122D2589}.Debug|iPhoneSimulator.ActiveCfg = Debug|Any CPU
		{9298ABA0-F1B8-4C89-B2A3-F8D5122D2589}.Debug|iPhoneSimulator.Build.0 = Debug|Any CPU
		{9298ABA0-F1B8-4C89-B2A3-F8D5122D2589}.Debug|x64.ActiveCfg = Debug|Any CPU
		{9298ABA0-F1B8-4C89-B2A3-F8D5122D2589}.Debug|x64.Build.0 = Debug|Any CPU
		{9298ABA0-F1B8-4C89-B2A3-F8D5122D2589}.Debug|x86.ActiveCfg = Debug|Any CPU
		{9298ABA0-F1B8-4C89-B2A3-F8D5122D2589}.Debug|x86.Build.0 = Debug|Any CPU
		{9298ABA0-F1B8-4C89-B2A3-F8D5122D2589}.Release|Any CPU.ActiveCfg = Release|Any CPU
		{9298ABA0-F1B8-4C89-B2A3-F8D5122D2589}.Release|Any CPU.Build.0 = Release|Any CPU
		{9298ABA0-F1B8-4C89-B2A3-F8D5122D2589}.Release|ARM.ActiveCfg = Release|Any CPU
		{9298ABA0-F1B8-4C89-B2A3-F8D5122D2589}.Release|ARM.Build.0 = Release|Any CPU
		{9298ABA0-F1B8-4C89-B2A3-F8D5122D2589}.Release|ARM64.ActiveCfg = Release|Any CPU
		{9298ABA0-F1B8-4C89-B2A3-F8D5122D2589}.Release|ARM64.Build.0 = Release|Any CPU
		{9298ABA0-F1B8-4C89-B2A3-F8D5122D2589}.Release|iPhone.ActiveCfg = Release|Any CPU
		{9298ABA0-F1B8-4C89-B2A3-F8D5122D2589}.Release|iPhone.Build.0 = Release|Any CPU
		{9298ABA0-F1B8-4C89-B2A3-F8D5122D2589}.Release|iPhoneSimulator.ActiveCfg = Release|Any CPU
		{9298ABA0-F1B8-4C89-B2A3-F8D5122D2589}.Release|iPhoneSimulator.Build.0 = Release|Any CPU
		{9298ABA0-F1B8-4C89-B2A3-F8D5122D2589}.Release|x64.ActiveCfg = Release|Any CPU
		{9298ABA0-F1B8-4C89-B2A3-F8D5122D2589}.Release|x64.Build.0 = Release|Any CPU
		{9298ABA0-F1B8-4C89-B2A3-F8D5122D2589}.Release|x86.ActiveCfg = Release|Any CPU
		{9298ABA0-F1B8-4C89-B2A3-F8D5122D2589}.Release|x86.Build.0 = Release|Any CPU
		{1D990D8A-EA26-474D-B167-3A92461A5A77}.Ad-Hoc|Any CPU.ActiveCfg = Debug|Any CPU
		{1D990D8A-EA26-474D-B167-3A92461A5A77}.Ad-Hoc|Any CPU.Build.0 = Debug|Any CPU
		{1D990D8A-EA26-474D-B167-3A92461A5A77}.Ad-Hoc|ARM.ActiveCfg = Debug|Any CPU
		{1D990D8A-EA26-474D-B167-3A92461A5A77}.Ad-Hoc|ARM.Build.0 = Debug|Any CPU
		{1D990D8A-EA26-474D-B167-3A92461A5A77}.Ad-Hoc|ARM64.ActiveCfg = Debug|Any CPU
		{1D990D8A-EA26-474D-B167-3A92461A5A77}.Ad-Hoc|ARM64.Build.0 = Debug|Any CPU
		{1D990D8A-EA26-474D-B167-3A92461A5A77}.Ad-Hoc|iPhone.ActiveCfg = Debug|Any CPU
		{1D990D8A-EA26-474D-B167-3A92461A5A77}.Ad-Hoc|iPhone.Build.0 = Debug|Any CPU
		{1D990D8A-EA26-474D-B167-3A92461A5A77}.Ad-Hoc|iPhoneSimulator.ActiveCfg = Debug|Any CPU
		{1D990D8A-EA26-474D-B167-3A92461A5A77}.Ad-Hoc|iPhoneSimulator.Build.0 = Debug|Any CPU
		{1D990D8A-EA26-474D-B167-3A92461A5A77}.Ad-Hoc|x64.ActiveCfg = Debug|Any CPU
		{1D990D8A-EA26-474D-B167-3A92461A5A77}.Ad-Hoc|x64.Build.0 = Debug|Any CPU
		{1D990D8A-EA26-474D-B167-3A92461A5A77}.Ad-Hoc|x86.ActiveCfg = Debug|Any CPU
		{1D990D8A-EA26-474D-B167-3A92461A5A77}.Ad-Hoc|x86.Build.0 = Debug|Any CPU
		{1D990D8A-EA26-474D-B167-3A92461A5A77}.Analysis|Any CPU.ActiveCfg = Debug|Any CPU
		{1D990D8A-EA26-474D-B167-3A92461A5A77}.Analysis|Any CPU.Build.0 = Debug|Any CPU
		{1D990D8A-EA26-474D-B167-3A92461A5A77}.Analysis|ARM.ActiveCfg = Debug|Any CPU
		{1D990D8A-EA26-474D-B167-3A92461A5A77}.Analysis|ARM.Build.0 = Debug|Any CPU
		{1D990D8A-EA26-474D-B167-3A92461A5A77}.Analysis|ARM64.ActiveCfg = Debug|Any CPU
		{1D990D8A-EA26-474D-B167-3A92461A5A77}.Analysis|ARM64.Build.0 = Debug|Any CPU
		{1D990D8A-EA26-474D-B167-3A92461A5A77}.Analysis|iPhone.ActiveCfg = Debug|Any CPU
		{1D990D8A-EA26-474D-B167-3A92461A5A77}.Analysis|iPhone.Build.0 = Debug|Any CPU
		{1D990D8A-EA26-474D-B167-3A92461A5A77}.Analysis|iPhoneSimulator.ActiveCfg = Debug|Any CPU
		{1D990D8A-EA26-474D-B167-3A92461A5A77}.Analysis|iPhoneSimulator.Build.0 = Debug|Any CPU
		{1D990D8A-EA26-474D-B167-3A92461A5A77}.Analysis|x64.ActiveCfg = Debug|Any CPU
		{1D990D8A-EA26-474D-B167-3A92461A5A77}.Analysis|x64.Build.0 = Debug|Any CPU
		{1D990D8A-EA26-474D-B167-3A92461A5A77}.Analysis|x86.ActiveCfg = Debug|Any CPU
		{1D990D8A-EA26-474D-B167-3A92461A5A77}.Analysis|x86.Build.0 = Debug|Any CPU
		{1D990D8A-EA26-474D-B167-3A92461A5A77}.AppStore|Any CPU.ActiveCfg = Debug|Any CPU
		{1D990D8A-EA26-474D-B167-3A92461A5A77}.AppStore|Any CPU.Build.0 = Debug|Any CPU
		{1D990D8A-EA26-474D-B167-3A92461A5A77}.AppStore|ARM.ActiveCfg = Debug|Any CPU
		{1D990D8A-EA26-474D-B167-3A92461A5A77}.AppStore|ARM.Build.0 = Debug|Any CPU
		{1D990D8A-EA26-474D-B167-3A92461A5A77}.AppStore|ARM64.ActiveCfg = Debug|Any CPU
		{1D990D8A-EA26-474D-B167-3A92461A5A77}.AppStore|ARM64.Build.0 = Debug|Any CPU
		{1D990D8A-EA26-474D-B167-3A92461A5A77}.AppStore|iPhone.ActiveCfg = Debug|Any CPU
		{1D990D8A-EA26-474D-B167-3A92461A5A77}.AppStore|iPhone.Build.0 = Debug|Any CPU
		{1D990D8A-EA26-474D-B167-3A92461A5A77}.AppStore|iPhoneSimulator.ActiveCfg = Debug|Any CPU
		{1D990D8A-EA26-474D-B167-3A92461A5A77}.AppStore|iPhoneSimulator.Build.0 = Debug|Any CPU
		{1D990D8A-EA26-474D-B167-3A92461A5A77}.AppStore|x64.ActiveCfg = Debug|Any CPU
		{1D990D8A-EA26-474D-B167-3A92461A5A77}.AppStore|x64.Build.0 = Debug|Any CPU
		{1D990D8A-EA26-474D-B167-3A92461A5A77}.AppStore|x86.ActiveCfg = Debug|Any CPU
		{1D990D8A-EA26-474D-B167-3A92461A5A77}.AppStore|x86.Build.0 = Debug|Any CPU
		{1D990D8A-EA26-474D-B167-3A92461A5A77}.Debug|Any CPU.ActiveCfg = Debug|Any CPU
		{1D990D8A-EA26-474D-B167-3A92461A5A77}.Debug|Any CPU.Build.0 = Debug|Any CPU
		{1D990D8A-EA26-474D-B167-3A92461A5A77}.Debug|ARM.ActiveCfg = Debug|Any CPU
		{1D990D8A-EA26-474D-B167-3A92461A5A77}.Debug|ARM.Build.0 = Debug|Any CPU
		{1D990D8A-EA26-474D-B167-3A92461A5A77}.Debug|ARM64.ActiveCfg = Debug|Any CPU
		{1D990D8A-EA26-474D-B167-3A92461A5A77}.Debug|ARM64.Build.0 = Debug|Any CPU
		{1D990D8A-EA26-474D-B167-3A92461A5A77}.Debug|iPhone.ActiveCfg = Debug|Any CPU
		{1D990D8A-EA26-474D-B167-3A92461A5A77}.Debug|iPhone.Build.0 = Debug|Any CPU
		{1D990D8A-EA26-474D-B167-3A92461A5A77}.Debug|iPhoneSimulator.ActiveCfg = Debug|Any CPU
		{1D990D8A-EA26-474D-B167-3A92461A5A77}.Debug|iPhoneSimulator.Build.0 = Debug|Any CPU
		{1D990D8A-EA26-474D-B167-3A92461A5A77}.Debug|x64.ActiveCfg = Debug|Any CPU
		{1D990D8A-EA26-474D-B167-3A92461A5A77}.Debug|x64.Build.0 = Debug|Any CPU
		{1D990D8A-EA26-474D-B167-3A92461A5A77}.Debug|x86.ActiveCfg = Debug|Any CPU
		{1D990D8A-EA26-474D-B167-3A92461A5A77}.Debug|x86.Build.0 = Debug|Any CPU
		{1D990D8A-EA26-474D-B167-3A92461A5A77}.Release|Any CPU.ActiveCfg = Release|Any CPU
		{1D990D8A-EA26-474D-B167-3A92461A5A77}.Release|Any CPU.Build.0 = Release|Any CPU
		{1D990D8A-EA26-474D-B167-3A92461A5A77}.Release|ARM.ActiveCfg = Release|Any CPU
		{1D990D8A-EA26-474D-B167-3A92461A5A77}.Release|ARM.Build.0 = Release|Any CPU
		{1D990D8A-EA26-474D-B167-3A92461A5A77}.Release|ARM64.ActiveCfg = Release|Any CPU
		{1D990D8A-EA26-474D-B167-3A92461A5A77}.Release|ARM64.Build.0 = Release|Any CPU
		{1D990D8A-EA26-474D-B167-3A92461A5A77}.Release|iPhone.ActiveCfg = Release|Any CPU
		{1D990D8A-EA26-474D-B167-3A92461A5A77}.Release|iPhone.Build.0 = Release|Any CPU
		{1D990D8A-EA26-474D-B167-3A92461A5A77}.Release|iPhoneSimulator.ActiveCfg = Release|Any CPU
		{1D990D8A-EA26-474D-B167-3A92461A5A77}.Release|iPhoneSimulator.Build.0 = Release|Any CPU
		{1D990D8A-EA26-474D-B167-3A92461A5A77}.Release|x64.ActiveCfg = Release|Any CPU
		{1D990D8A-EA26-474D-B167-3A92461A5A77}.Release|x64.Build.0 = Release|Any CPU
		{1D990D8A-EA26-474D-B167-3A92461A5A77}.Release|x86.ActiveCfg = Release|Any CPU
		{1D990D8A-EA26-474D-B167-3A92461A5A77}.Release|x86.Build.0 = Release|Any CPU
		{4D00CE39-1964-4EB0-80C1-F25ACB73CC71}.Ad-Hoc|Any CPU.ActiveCfg = Debug|Any CPU
		{4D00CE39-1964-4EB0-80C1-F25ACB73CC71}.Ad-Hoc|Any CPU.Build.0 = Debug|Any CPU
		{4D00CE39-1964-4EB0-80C1-F25ACB73CC71}.Ad-Hoc|ARM.ActiveCfg = Debug|Any CPU
		{4D00CE39-1964-4EB0-80C1-F25ACB73CC71}.Ad-Hoc|ARM.Build.0 = Debug|Any CPU
		{4D00CE39-1964-4EB0-80C1-F25ACB73CC71}.Ad-Hoc|ARM64.ActiveCfg = Debug|Any CPU
		{4D00CE39-1964-4EB0-80C1-F25ACB73CC71}.Ad-Hoc|ARM64.Build.0 = Debug|Any CPU
		{4D00CE39-1964-4EB0-80C1-F25ACB73CC71}.Ad-Hoc|iPhone.ActiveCfg = Debug|Any CPU
		{4D00CE39-1964-4EB0-80C1-F25ACB73CC71}.Ad-Hoc|iPhone.Build.0 = Debug|Any CPU
		{4D00CE39-1964-4EB0-80C1-F25ACB73CC71}.Ad-Hoc|iPhoneSimulator.ActiveCfg = Debug|Any CPU
		{4D00CE39-1964-4EB0-80C1-F25ACB73CC71}.Ad-Hoc|iPhoneSimulator.Build.0 = Debug|Any CPU
		{4D00CE39-1964-4EB0-80C1-F25ACB73CC71}.Ad-Hoc|x64.ActiveCfg = Debug|Any CPU
		{4D00CE39-1964-4EB0-80C1-F25ACB73CC71}.Ad-Hoc|x64.Build.0 = Debug|Any CPU
		{4D00CE39-1964-4EB0-80C1-F25ACB73CC71}.Ad-Hoc|x86.ActiveCfg = Debug|Any CPU
		{4D00CE39-1964-4EB0-80C1-F25ACB73CC71}.Ad-Hoc|x86.Build.0 = Debug|Any CPU
		{4D00CE39-1964-4EB0-80C1-F25ACB73CC71}.Analysis|Any CPU.ActiveCfg = Debug|Any CPU
		{4D00CE39-1964-4EB0-80C1-F25ACB73CC71}.Analysis|Any CPU.Build.0 = Debug|Any CPU
		{4D00CE39-1964-4EB0-80C1-F25ACB73CC71}.Analysis|ARM.ActiveCfg = Debug|Any CPU
		{4D00CE39-1964-4EB0-80C1-F25ACB73CC71}.Analysis|ARM.Build.0 = Debug|Any CPU
		{4D00CE39-1964-4EB0-80C1-F25ACB73CC71}.Analysis|ARM64.ActiveCfg = Debug|Any CPU
		{4D00CE39-1964-4EB0-80C1-F25ACB73CC71}.Analysis|ARM64.Build.0 = Debug|Any CPU
		{4D00CE39-1964-4EB0-80C1-F25ACB73CC71}.Analysis|iPhone.ActiveCfg = Debug|Any CPU
		{4D00CE39-1964-4EB0-80C1-F25ACB73CC71}.Analysis|iPhone.Build.0 = Debug|Any CPU
		{4D00CE39-1964-4EB0-80C1-F25ACB73CC71}.Analysis|iPhoneSimulator.ActiveCfg = Debug|Any CPU
		{4D00CE39-1964-4EB0-80C1-F25ACB73CC71}.Analysis|iPhoneSimulator.Build.0 = Debug|Any CPU
		{4D00CE39-1964-4EB0-80C1-F25ACB73CC71}.Analysis|x64.ActiveCfg = Debug|Any CPU
		{4D00CE39-1964-4EB0-80C1-F25ACB73CC71}.Analysis|x64.Build.0 = Debug|Any CPU
		{4D00CE39-1964-4EB0-80C1-F25ACB73CC71}.Analysis|x86.ActiveCfg = Debug|Any CPU
		{4D00CE39-1964-4EB0-80C1-F25ACB73CC71}.Analysis|x86.Build.0 = Debug|Any CPU
		{4D00CE39-1964-4EB0-80C1-F25ACB73CC71}.AppStore|Any CPU.ActiveCfg = Debug|Any CPU
		{4D00CE39-1964-4EB0-80C1-F25ACB73CC71}.AppStore|Any CPU.Build.0 = Debug|Any CPU
		{4D00CE39-1964-4EB0-80C1-F25ACB73CC71}.AppStore|ARM.ActiveCfg = Debug|Any CPU
		{4D00CE39-1964-4EB0-80C1-F25ACB73CC71}.AppStore|ARM.Build.0 = Debug|Any CPU
		{4D00CE39-1964-4EB0-80C1-F25ACB73CC71}.AppStore|ARM64.ActiveCfg = Debug|Any CPU
		{4D00CE39-1964-4EB0-80C1-F25ACB73CC71}.AppStore|ARM64.Build.0 = Debug|Any CPU
		{4D00CE39-1964-4EB0-80C1-F25ACB73CC71}.AppStore|iPhone.ActiveCfg = Debug|Any CPU
		{4D00CE39-1964-4EB0-80C1-F25ACB73CC71}.AppStore|iPhone.Build.0 = Debug|Any CPU
		{4D00CE39-1964-4EB0-80C1-F25ACB73CC71}.AppStore|iPhoneSimulator.ActiveCfg = Debug|Any CPU
		{4D00CE39-1964-4EB0-80C1-F25ACB73CC71}.AppStore|iPhoneSimulator.Build.0 = Debug|Any CPU
		{4D00CE39-1964-4EB0-80C1-F25ACB73CC71}.AppStore|x64.ActiveCfg = Debug|Any CPU
		{4D00CE39-1964-4EB0-80C1-F25ACB73CC71}.AppStore|x64.Build.0 = Debug|Any CPU
		{4D00CE39-1964-4EB0-80C1-F25ACB73CC71}.AppStore|x86.ActiveCfg = Debug|Any CPU
		{4D00CE39-1964-4EB0-80C1-F25ACB73CC71}.AppStore|x86.Build.0 = Debug|Any CPU
		{4D00CE39-1964-4EB0-80C1-F25ACB73CC71}.Debug|Any CPU.ActiveCfg = Debug|Any CPU
		{4D00CE39-1964-4EB0-80C1-F25ACB73CC71}.Debug|Any CPU.Build.0 = Debug|Any CPU
		{4D00CE39-1964-4EB0-80C1-F25ACB73CC71}.Debug|ARM.ActiveCfg = Debug|Any CPU
		{4D00CE39-1964-4EB0-80C1-F25ACB73CC71}.Debug|ARM.Build.0 = Debug|Any CPU
		{4D00CE39-1964-4EB0-80C1-F25ACB73CC71}.Debug|ARM64.ActiveCfg = Debug|Any CPU
		{4D00CE39-1964-4EB0-80C1-F25ACB73CC71}.Debug|ARM64.Build.0 = Debug|Any CPU
		{4D00CE39-1964-4EB0-80C1-F25ACB73CC71}.Debug|iPhone.ActiveCfg = Debug|Any CPU
		{4D00CE39-1964-4EB0-80C1-F25ACB73CC71}.Debug|iPhone.Build.0 = Debug|Any CPU
		{4D00CE39-1964-4EB0-80C1-F25ACB73CC71}.Debug|iPhoneSimulator.ActiveCfg = Debug|Any CPU
		{4D00CE39-1964-4EB0-80C1-F25ACB73CC71}.Debug|iPhoneSimulator.Build.0 = Debug|Any CPU
		{4D00CE39-1964-4EB0-80C1-F25ACB73CC71}.Debug|x64.ActiveCfg = Debug|Any CPU
		{4D00CE39-1964-4EB0-80C1-F25ACB73CC71}.Debug|x64.Build.0 = Debug|Any CPU
		{4D00CE39-1964-4EB0-80C1-F25ACB73CC71}.Debug|x86.ActiveCfg = Debug|Any CPU
		{4D00CE39-1964-4EB0-80C1-F25ACB73CC71}.Debug|x86.Build.0 = Debug|Any CPU
		{4D00CE39-1964-4EB0-80C1-F25ACB73CC71}.Release|Any CPU.ActiveCfg = Release|Any CPU
		{4D00CE39-1964-4EB0-80C1-F25ACB73CC71}.Release|Any CPU.Build.0 = Release|Any CPU
		{4D00CE39-1964-4EB0-80C1-F25ACB73CC71}.Release|ARM.ActiveCfg = Release|Any CPU
		{4D00CE39-1964-4EB0-80C1-F25ACB73CC71}.Release|ARM.Build.0 = Release|Any CPU
		{4D00CE39-1964-4EB0-80C1-F25ACB73CC71}.Release|ARM64.ActiveCfg = Release|Any CPU
		{4D00CE39-1964-4EB0-80C1-F25ACB73CC71}.Release|ARM64.Build.0 = Release|Any CPU
		{4D00CE39-1964-4EB0-80C1-F25ACB73CC71}.Release|iPhone.ActiveCfg = Release|Any CPU
		{4D00CE39-1964-4EB0-80C1-F25ACB73CC71}.Release|iPhone.Build.0 = Release|Any CPU
		{4D00CE39-1964-4EB0-80C1-F25ACB73CC71}.Release|iPhoneSimulator.ActiveCfg = Release|Any CPU
		{4D00CE39-1964-4EB0-80C1-F25ACB73CC71}.Release|iPhoneSimulator.Build.0 = Release|Any CPU
		{4D00CE39-1964-4EB0-80C1-F25ACB73CC71}.Release|x64.ActiveCfg = Release|Any CPU
		{4D00CE39-1964-4EB0-80C1-F25ACB73CC71}.Release|x64.Build.0 = Release|Any CPU
		{4D00CE39-1964-4EB0-80C1-F25ACB73CC71}.Release|x86.ActiveCfg = Release|Any CPU
		{4D00CE39-1964-4EB0-80C1-F25ACB73CC71}.Release|x86.Build.0 = Release|Any CPU
		{A968B50B-F12E-4557-9631-78E855605385}.Ad-Hoc|Any CPU.ActiveCfg = Debug|Any CPU
		{A968B50B-F12E-4557-9631-78E855605385}.Ad-Hoc|Any CPU.Build.0 = Debug|Any CPU
		{A968B50B-F12E-4557-9631-78E855605385}.Ad-Hoc|ARM.ActiveCfg = Debug|Any CPU
		{A968B50B-F12E-4557-9631-78E855605385}.Ad-Hoc|ARM.Build.0 = Debug|Any CPU
		{A968B50B-F12E-4557-9631-78E855605385}.Ad-Hoc|ARM64.ActiveCfg = Debug|Any CPU
		{A968B50B-F12E-4557-9631-78E855605385}.Ad-Hoc|ARM64.Build.0 = Debug|Any CPU
		{A968B50B-F12E-4557-9631-78E855605385}.Ad-Hoc|iPhone.ActiveCfg = Debug|Any CPU
		{A968B50B-F12E-4557-9631-78E855605385}.Ad-Hoc|iPhone.Build.0 = Debug|Any CPU
		{A968B50B-F12E-4557-9631-78E855605385}.Ad-Hoc|iPhoneSimulator.ActiveCfg = Debug|Any CPU
		{A968B50B-F12E-4557-9631-78E855605385}.Ad-Hoc|iPhoneSimulator.Build.0 = Debug|Any CPU
		{A968B50B-F12E-4557-9631-78E855605385}.Ad-Hoc|x64.ActiveCfg = Debug|Any CPU
		{A968B50B-F12E-4557-9631-78E855605385}.Ad-Hoc|x64.Build.0 = Debug|Any CPU
		{A968B50B-F12E-4557-9631-78E855605385}.Ad-Hoc|x86.ActiveCfg = Debug|Any CPU
		{A968B50B-F12E-4557-9631-78E855605385}.Ad-Hoc|x86.Build.0 = Debug|Any CPU
		{A968B50B-F12E-4557-9631-78E855605385}.Analysis|Any CPU.ActiveCfg = Debug|Any CPU
		{A968B50B-F12E-4557-9631-78E855605385}.Analysis|Any CPU.Build.0 = Debug|Any CPU
		{A968B50B-F12E-4557-9631-78E855605385}.Analysis|ARM.ActiveCfg = Debug|Any CPU
		{A968B50B-F12E-4557-9631-78E855605385}.Analysis|ARM.Build.0 = Debug|Any CPU
		{A968B50B-F12E-4557-9631-78E855605385}.Analysis|ARM64.ActiveCfg = Debug|Any CPU
		{A968B50B-F12E-4557-9631-78E855605385}.Analysis|ARM64.Build.0 = Debug|Any CPU
		{A968B50B-F12E-4557-9631-78E855605385}.Analysis|iPhone.ActiveCfg = Debug|Any CPU
		{A968B50B-F12E-4557-9631-78E855605385}.Analysis|iPhone.Build.0 = Debug|Any CPU
		{A968B50B-F12E-4557-9631-78E855605385}.Analysis|iPhoneSimulator.ActiveCfg = Debug|Any CPU
		{A968B50B-F12E-4557-9631-78E855605385}.Analysis|iPhoneSimulator.Build.0 = Debug|Any CPU
		{A968B50B-F12E-4557-9631-78E855605385}.Analysis|x64.ActiveCfg = Debug|Any CPU
		{A968B50B-F12E-4557-9631-78E855605385}.Analysis|x64.Build.0 = Debug|Any CPU
		{A968B50B-F12E-4557-9631-78E855605385}.Analysis|x86.ActiveCfg = Debug|Any CPU
		{A968B50B-F12E-4557-9631-78E855605385}.Analysis|x86.Build.0 = Debug|Any CPU
		{A968B50B-F12E-4557-9631-78E855605385}.AppStore|Any CPU.ActiveCfg = Debug|Any CPU
		{A968B50B-F12E-4557-9631-78E855605385}.AppStore|Any CPU.Build.0 = Debug|Any CPU
		{A968B50B-F12E-4557-9631-78E855605385}.AppStore|ARM.ActiveCfg = Debug|Any CPU
		{A968B50B-F12E-4557-9631-78E855605385}.AppStore|ARM.Build.0 = Debug|Any CPU
		{A968B50B-F12E-4557-9631-78E855605385}.AppStore|ARM64.ActiveCfg = Debug|Any CPU
		{A968B50B-F12E-4557-9631-78E855605385}.AppStore|ARM64.Build.0 = Debug|Any CPU
		{A968B50B-F12E-4557-9631-78E855605385}.AppStore|iPhone.ActiveCfg = Debug|Any CPU
		{A968B50B-F12E-4557-9631-78E855605385}.AppStore|iPhone.Build.0 = Debug|Any CPU
		{A968B50B-F12E-4557-9631-78E855605385}.AppStore|iPhoneSimulator.ActiveCfg = Debug|Any CPU
		{A968B50B-F12E-4557-9631-78E855605385}.AppStore|iPhoneSimulator.Build.0 = Debug|Any CPU
		{A968B50B-F12E-4557-9631-78E855605385}.AppStore|x64.ActiveCfg = Debug|Any CPU
		{A968B50B-F12E-4557-9631-78E855605385}.AppStore|x64.Build.0 = Debug|Any CPU
		{A968B50B-F12E-4557-9631-78E855605385}.AppStore|x86.ActiveCfg = Debug|Any CPU
		{A968B50B-F12E-4557-9631-78E855605385}.AppStore|x86.Build.0 = Debug|Any CPU
		{A968B50B-F12E-4557-9631-78E855605385}.Debug|Any CPU.ActiveCfg = Debug|Any CPU
		{A968B50B-F12E-4557-9631-78E855605385}.Debug|Any CPU.Build.0 = Debug|Any CPU
		{A968B50B-F12E-4557-9631-78E855605385}.Debug|ARM.ActiveCfg = Debug|Any CPU
		{A968B50B-F12E-4557-9631-78E855605385}.Debug|ARM.Build.0 = Debug|Any CPU
		{A968B50B-F12E-4557-9631-78E855605385}.Debug|ARM64.ActiveCfg = Debug|Any CPU
		{A968B50B-F12E-4557-9631-78E855605385}.Debug|ARM64.Build.0 = Debug|Any CPU
		{A968B50B-F12E-4557-9631-78E855605385}.Debug|iPhone.ActiveCfg = Debug|Any CPU
		{A968B50B-F12E-4557-9631-78E855605385}.Debug|iPhone.Build.0 = Debug|Any CPU
		{A968B50B-F12E-4557-9631-78E855605385}.Debug|iPhoneSimulator.ActiveCfg = Debug|Any CPU
		{A968B50B-F12E-4557-9631-78E855605385}.Debug|iPhoneSimulator.Build.0 = Debug|Any CPU
		{A968B50B-F12E-4557-9631-78E855605385}.Debug|x64.ActiveCfg = Debug|Any CPU
		{A968B50B-F12E-4557-9631-78E855605385}.Debug|x64.Build.0 = Debug|Any CPU
		{A968B50B-F12E-4557-9631-78E855605385}.Debug|x86.ActiveCfg = Debug|Any CPU
		{A968B50B-F12E-4557-9631-78E855605385}.Debug|x86.Build.0 = Debug|Any CPU
		{A968B50B-F12E-4557-9631-78E855605385}.Release|Any CPU.ActiveCfg = Release|Any CPU
		{A968B50B-F12E-4557-9631-78E855605385}.Release|Any CPU.Build.0 = Release|Any CPU
		{A968B50B-F12E-4557-9631-78E855605385}.Release|ARM.ActiveCfg = Release|Any CPU
		{A968B50B-F12E-4557-9631-78E855605385}.Release|ARM.Build.0 = Release|Any CPU
		{A968B50B-F12E-4557-9631-78E855605385}.Release|ARM64.ActiveCfg = Release|Any CPU
		{A968B50B-F12E-4557-9631-78E855605385}.Release|ARM64.Build.0 = Release|Any CPU
		{A968B50B-F12E-4557-9631-78E855605385}.Release|iPhone.ActiveCfg = Release|Any CPU
		{A968B50B-F12E-4557-9631-78E855605385}.Release|iPhone.Build.0 = Release|Any CPU
		{A968B50B-F12E-4557-9631-78E855605385}.Release|iPhoneSimulator.ActiveCfg = Release|Any CPU
		{A968B50B-F12E-4557-9631-78E855605385}.Release|iPhoneSimulator.Build.0 = Release|Any CPU
		{A968B50B-F12E-4557-9631-78E855605385}.Release|x64.ActiveCfg = Release|Any CPU
		{A968B50B-F12E-4557-9631-78E855605385}.Release|x64.Build.0 = Release|Any CPU
		{A968B50B-F12E-4557-9631-78E855605385}.Release|x86.ActiveCfg = Release|Any CPU
		{A968B50B-F12E-4557-9631-78E855605385}.Release|x86.Build.0 = Release|Any CPU
		{6DB66862-A8F0-4A7A-8E84-A8030858C2BF}.Ad-Hoc|Any CPU.ActiveCfg = Debug|Any CPU
		{6DB66862-A8F0-4A7A-8E84-A8030858C2BF}.Ad-Hoc|Any CPU.Build.0 = Debug|Any CPU
		{6DB66862-A8F0-4A7A-8E84-A8030858C2BF}.Ad-Hoc|ARM.ActiveCfg = Debug|Any CPU
		{6DB66862-A8F0-4A7A-8E84-A8030858C2BF}.Ad-Hoc|ARM.Build.0 = Debug|Any CPU
		{6DB66862-A8F0-4A7A-8E84-A8030858C2BF}.Ad-Hoc|ARM64.ActiveCfg = Debug|Any CPU
		{6DB66862-A8F0-4A7A-8E84-A8030858C2BF}.Ad-Hoc|ARM64.Build.0 = Debug|Any CPU
		{6DB66862-A8F0-4A7A-8E84-A8030858C2BF}.Ad-Hoc|iPhone.ActiveCfg = Debug|Any CPU
		{6DB66862-A8F0-4A7A-8E84-A8030858C2BF}.Ad-Hoc|iPhone.Build.0 = Debug|Any CPU
		{6DB66862-A8F0-4A7A-8E84-A8030858C2BF}.Ad-Hoc|iPhoneSimulator.ActiveCfg = Debug|Any CPU
		{6DB66862-A8F0-4A7A-8E84-A8030858C2BF}.Ad-Hoc|iPhoneSimulator.Build.0 = Debug|Any CPU
		{6DB66862-A8F0-4A7A-8E84-A8030858C2BF}.Ad-Hoc|x64.ActiveCfg = Debug|Any CPU
		{6DB66862-A8F0-4A7A-8E84-A8030858C2BF}.Ad-Hoc|x64.Build.0 = Debug|Any CPU
		{6DB66862-A8F0-4A7A-8E84-A8030858C2BF}.Ad-Hoc|x86.ActiveCfg = Debug|Any CPU
		{6DB66862-A8F0-4A7A-8E84-A8030858C2BF}.Ad-Hoc|x86.Build.0 = Debug|Any CPU
		{6DB66862-A8F0-4A7A-8E84-A8030858C2BF}.Analysis|Any CPU.ActiveCfg = Debug|Any CPU
		{6DB66862-A8F0-4A7A-8E84-A8030858C2BF}.Analysis|Any CPU.Build.0 = Debug|Any CPU
		{6DB66862-A8F0-4A7A-8E84-A8030858C2BF}.Analysis|ARM.ActiveCfg = Debug|Any CPU
		{6DB66862-A8F0-4A7A-8E84-A8030858C2BF}.Analysis|ARM.Build.0 = Debug|Any CPU
		{6DB66862-A8F0-4A7A-8E84-A8030858C2BF}.Analysis|ARM64.ActiveCfg = Debug|Any CPU
		{6DB66862-A8F0-4A7A-8E84-A8030858C2BF}.Analysis|ARM64.Build.0 = Debug|Any CPU
		{6DB66862-A8F0-4A7A-8E84-A8030858C2BF}.Analysis|iPhone.ActiveCfg = Debug|Any CPU
		{6DB66862-A8F0-4A7A-8E84-A8030858C2BF}.Analysis|iPhone.Build.0 = Debug|Any CPU
		{6DB66862-A8F0-4A7A-8E84-A8030858C2BF}.Analysis|iPhoneSimulator.ActiveCfg = Debug|Any CPU
		{6DB66862-A8F0-4A7A-8E84-A8030858C2BF}.Analysis|iPhoneSimulator.Build.0 = Debug|Any CPU
		{6DB66862-A8F0-4A7A-8E84-A8030858C2BF}.Analysis|x64.ActiveCfg = Debug|Any CPU
		{6DB66862-A8F0-4A7A-8E84-A8030858C2BF}.Analysis|x64.Build.0 = Debug|Any CPU
		{6DB66862-A8F0-4A7A-8E84-A8030858C2BF}.Analysis|x86.ActiveCfg = Debug|Any CPU
		{6DB66862-A8F0-4A7A-8E84-A8030858C2BF}.Analysis|x86.Build.0 = Debug|Any CPU
		{6DB66862-A8F0-4A7A-8E84-A8030858C2BF}.AppStore|Any CPU.ActiveCfg = Debug|Any CPU
		{6DB66862-A8F0-4A7A-8E84-A8030858C2BF}.AppStore|Any CPU.Build.0 = Debug|Any CPU
		{6DB66862-A8F0-4A7A-8E84-A8030858C2BF}.AppStore|ARM.ActiveCfg = Debug|Any CPU
		{6DB66862-A8F0-4A7A-8E84-A8030858C2BF}.AppStore|ARM.Build.0 = Debug|Any CPU
		{6DB66862-A8F0-4A7A-8E84-A8030858C2BF}.AppStore|ARM64.ActiveCfg = Debug|Any CPU
		{6DB66862-A8F0-4A7A-8E84-A8030858C2BF}.AppStore|ARM64.Build.0 = Debug|Any CPU
		{6DB66862-A8F0-4A7A-8E84-A8030858C2BF}.AppStore|iPhone.ActiveCfg = Debug|Any CPU
		{6DB66862-A8F0-4A7A-8E84-A8030858C2BF}.AppStore|iPhone.Build.0 = Debug|Any CPU
		{6DB66862-A8F0-4A7A-8E84-A8030858C2BF}.AppStore|iPhoneSimulator.ActiveCfg = Debug|Any CPU
		{6DB66862-A8F0-4A7A-8E84-A8030858C2BF}.AppStore|iPhoneSimulator.Build.0 = Debug|Any CPU
		{6DB66862-A8F0-4A7A-8E84-A8030858C2BF}.AppStore|x64.ActiveCfg = Debug|Any CPU
		{6DB66862-A8F0-4A7A-8E84-A8030858C2BF}.AppStore|x64.Build.0 = Debug|Any CPU
		{6DB66862-A8F0-4A7A-8E84-A8030858C2BF}.AppStore|x86.ActiveCfg = Debug|Any CPU
		{6DB66862-A8F0-4A7A-8E84-A8030858C2BF}.AppStore|x86.Build.0 = Debug|Any CPU
		{6DB66862-A8F0-4A7A-8E84-A8030858C2BF}.Debug|Any CPU.ActiveCfg = Debug|Any CPU
		{6DB66862-A8F0-4A7A-8E84-A8030858C2BF}.Debug|Any CPU.Build.0 = Debug|Any CPU
		{6DB66862-A8F0-4A7A-8E84-A8030858C2BF}.Debug|ARM.ActiveCfg = Debug|Any CPU
		{6DB66862-A8F0-4A7A-8E84-A8030858C2BF}.Debug|ARM.Build.0 = Debug|Any CPU
		{6DB66862-A8F0-4A7A-8E84-A8030858C2BF}.Debug|ARM64.ActiveCfg = Debug|Any CPU
		{6DB66862-A8F0-4A7A-8E84-A8030858C2BF}.Debug|ARM64.Build.0 = Debug|Any CPU
		{6DB66862-A8F0-4A7A-8E84-A8030858C2BF}.Debug|iPhone.ActiveCfg = Debug|Any CPU
		{6DB66862-A8F0-4A7A-8E84-A8030858C2BF}.Debug|iPhone.Build.0 = Debug|Any CPU
		{6DB66862-A8F0-4A7A-8E84-A8030858C2BF}.Debug|iPhoneSimulator.ActiveCfg = Debug|Any CPU
		{6DB66862-A8F0-4A7A-8E84-A8030858C2BF}.Debug|iPhoneSimulator.Build.0 = Debug|Any CPU
		{6DB66862-A8F0-4A7A-8E84-A8030858C2BF}.Debug|x64.ActiveCfg = Debug|Any CPU
		{6DB66862-A8F0-4A7A-8E84-A8030858C2BF}.Debug|x64.Build.0 = Debug|Any CPU
		{6DB66862-A8F0-4A7A-8E84-A8030858C2BF}.Debug|x86.ActiveCfg = Debug|Any CPU
		{6DB66862-A8F0-4A7A-8E84-A8030858C2BF}.Debug|x86.Build.0 = Debug|Any CPU
		{6DB66862-A8F0-4A7A-8E84-A8030858C2BF}.Release|Any CPU.ActiveCfg = Release|Any CPU
		{6DB66862-A8F0-4A7A-8E84-A8030858C2BF}.Release|Any CPU.Build.0 = Release|Any CPU
		{6DB66862-A8F0-4A7A-8E84-A8030858C2BF}.Release|ARM.ActiveCfg = Release|Any CPU
		{6DB66862-A8F0-4A7A-8E84-A8030858C2BF}.Release|ARM.Build.0 = Release|Any CPU
		{6DB66862-A8F0-4A7A-8E84-A8030858C2BF}.Release|ARM64.ActiveCfg = Release|Any CPU
		{6DB66862-A8F0-4A7A-8E84-A8030858C2BF}.Release|ARM64.Build.0 = Release|Any CPU
		{6DB66862-A8F0-4A7A-8E84-A8030858C2BF}.Release|iPhone.ActiveCfg = Release|Any CPU
		{6DB66862-A8F0-4A7A-8E84-A8030858C2BF}.Release|iPhone.Build.0 = Release|Any CPU
		{6DB66862-A8F0-4A7A-8E84-A8030858C2BF}.Release|iPhoneSimulator.ActiveCfg = Release|Any CPU
		{6DB66862-A8F0-4A7A-8E84-A8030858C2BF}.Release|iPhoneSimulator.Build.0 = Release|Any CPU
		{6DB66862-A8F0-4A7A-8E84-A8030858C2BF}.Release|x64.ActiveCfg = Release|Any CPU
		{6DB66862-A8F0-4A7A-8E84-A8030858C2BF}.Release|x64.Build.0 = Release|Any CPU
		{6DB66862-A8F0-4A7A-8E84-A8030858C2BF}.Release|x86.ActiveCfg = Release|Any CPU
		{6DB66862-A8F0-4A7A-8E84-A8030858C2BF}.Release|x86.Build.0 = Release|Any CPU
	EndGlobalSection
	GlobalSection(SolutionProperties) = preSolution
		HideSolutionNode = FALSE
	EndGlobalSection
	GlobalSection(NestedProjects) = preSolution
		{259ED967-983B-4A72-A987-255339DC9EC0} = {94B74785-6D6E-4136-8740-C16DB7191961}
		{CCFD0C3E-EE16-4B41-A77D-250C7017E8B5} = {94B74785-6D6E-4136-8740-C16DB7191961}
		{34186C3B-C308-4CAE-B462-DB7B5F5E378C} = {94B74785-6D6E-4136-8740-C16DB7191961}
		{64ABC82F-AA30-4C9B-8D1A-97AAB7FB6408} = {B77ADEDE-CFB7-49EC-BF28-3E0286BE9256}
		{E91DEC9F-6569-431A-B7AA-BCF9BA27EFE5} = {94B74785-6D6E-4136-8740-C16DB7191961}
		{9298ABA0-F1B8-4C89-B2A3-F8D5122D2589} = {94B74785-6D6E-4136-8740-C16DB7191961}
	EndGlobalSection
	GlobalSection(ExtensibilityGlobals) = postSolution
		SolutionGuid = {17415657-E67C-4901-A9DD-6372AF9CC25E}
	EndGlobalSection
EndGlobal
