
Microsoft Visual Studio Solution File, Format Version 12.00
# Visual Studio Version 16
VisualStudioVersion = 16.0.29926.136
MinimumVisualStudioVersion = 10.0.40219.1
Project("{FAE04EC0-301F-11D3-BF4B-00C04F79EFBC}") = "Deployer.NetFx", "Deployer.NetFx\Deployer.NetFx.csproj", "{FBEDAF0E-E2ED-4005-8D83-F980FA67FEB2}"
EndProject
Project("{FAE04EC0-301F-11D3-BF4B-00C04F79EFBC}") = "Deployer.NetFx.Tests", "Deployer.NetFx.Tests\Deployer.NetFx.Tests.csproj", "{172F8752-7DBC-4B81-8B1F-0CE4AC63F8D2}"
EndProject
Project("{9A19103F-16F7-4668-BE54-9A1E7A4F7556}") = "Deployer.Lumia", "Deployer.Lumia\Deployer.Lumia.csproj", "{52D9692C-1CC9-4AB7-8855-61685B0C68EA}"
EndProject
Project("{9A19103F-16F7-4668-BE54-9A1E7A4F7556}") = "Deployer.Core", "Deployer.Core\Deployer.Core.csproj", "{63C92B03-742B-4E52-81D7-A8211EC4475D}"
EndProject
Project("{FAE04EC0-301F-11D3-BF4B-00C04F79EFBC}") = "Deployer.Gui", "Deployer.Gui\Deployer.Gui.csproj", "{904F13EC-DFBB-4939-B720-08CB3752093C}"
EndProject
Project("{9A19103F-16F7-4668-BE54-9A1E7A4F7556}") = "Registry", "Registry\Registry\Registry.csproj", "{259ED967-983B-4A72-A987-255339DC9EC0}"
EndProject
Project("{9A19103F-16F7-4668-BE54-9A1E7A4F7556}") = "RunProcessAsTask", "RunProcessAsTask\src\RunProcessAsTask\RunProcessAsTask.csproj", "{CCFD0C3E-EE16-4B41-A77D-250C7017E8B5}"
EndProject
Project("{9A19103F-16F7-4668-BE54-9A1E7A4F7556}") = "SimpleScript", "SimpleScript\SimpleScript\SimpleScript.csproj", "{2C81EACD-26A0-40B0-98B0-878AE12BBBE8}"
EndProject
Project("{9A19103F-16F7-4668-BE54-9A1E7A4F7556}") = "Deployer.DeployerStoreTool", "Deployer.DeployerStoreTool\Deployer.DeployerStoreTool.csproj", "{B53B245D-E457-4F6C-8BEC-B2B54AE68D56}"
EndProject
Global
	GlobalSection(SolutionConfigurationPlatforms) = preSolution
		Analysis|Any CPU = Analysis|Any CPU
		Debug|Any CPU = Debug|Any CPU
		Release|Any CPU = Release|Any CPU
	EndGlobalSection
	GlobalSection(ProjectConfigurationPlatforms) = postSolution
		{FBEDAF0E-E2ED-4005-8D83-F980FA67FEB2}.Analysis|Any CPU.ActiveCfg = Release|Any CPU
		{FBEDAF0E-E2ED-4005-8D83-F980FA67FEB2}.Analysis|Any CPU.Build.0 = Release|Any CPU
		{FBEDAF0E-E2ED-4005-8D83-F980FA67FEB2}.Debug|Any CPU.ActiveCfg = Debug|Any CPU
		{FBEDAF0E-E2ED-4005-8D83-F980FA67FEB2}.Debug|Any CPU.Build.0 = Debug|Any CPU
		{FBEDAF0E-E2ED-4005-8D83-F980FA67FEB2}.Release|Any CPU.ActiveCfg = Release|Any CPU
		{FBEDAF0E-E2ED-4005-8D83-F980FA67FEB2}.Release|Any CPU.Build.0 = Release|Any CPU
		{172F8752-7DBC-4B81-8B1F-0CE4AC63F8D2}.Analysis|Any CPU.ActiveCfg = Release|Any CPU
		{172F8752-7DBC-4B81-8B1F-0CE4AC63F8D2}.Analysis|Any CPU.Build.0 = Release|Any CPU
		{172F8752-7DBC-4B81-8B1F-0CE4AC63F8D2}.Debug|Any CPU.ActiveCfg = Debug|Any CPU
		{172F8752-7DBC-4B81-8B1F-0CE4AC63F8D2}.Debug|Any CPU.Build.0 = Debug|Any CPU
		{172F8752-7DBC-4B81-8B1F-0CE4AC63F8D2}.Release|Any CPU.ActiveCfg = Release|Any CPU
		{172F8752-7DBC-4B81-8B1F-0CE4AC63F8D2}.Release|Any CPU.Build.0 = Release|Any CPU
		{52D9692C-1CC9-4AB7-8855-61685B0C68EA}.Analysis|Any CPU.ActiveCfg = Debug|Any CPU
		{52D9692C-1CC9-4AB7-8855-61685B0C68EA}.Analysis|Any CPU.Build.0 = Debug|Any CPU
		{52D9692C-1CC9-4AB7-8855-61685B0C68EA}.Debug|Any CPU.ActiveCfg = Debug|Any CPU
		{52D9692C-1CC9-4AB7-8855-61685B0C68EA}.Debug|Any CPU.Build.0 = Debug|Any CPU
		{52D9692C-1CC9-4AB7-8855-61685B0C68EA}.Release|Any CPU.ActiveCfg = Release|Any CPU
		{52D9692C-1CC9-4AB7-8855-61685B0C68EA}.Release|Any CPU.Build.0 = Release|Any CPU
		{63C92B03-742B-4E52-81D7-A8211EC4475D}.Analysis|Any CPU.ActiveCfg = Debug|Any CPU
		{63C92B03-742B-4E52-81D7-A8211EC4475D}.Analysis|Any CPU.Build.0 = Debug|Any CPU
		{63C92B03-742B-4E52-81D7-A8211EC4475D}.Debug|Any CPU.ActiveCfg = Debug|Any CPU
		{63C92B03-742B-4E52-81D7-A8211EC4475D}.Debug|Any CPU.Build.0 = Debug|Any CPU
		{63C92B03-742B-4E52-81D7-A8211EC4475D}.Release|Any CPU.ActiveCfg = Release|Any CPU
		{63C92B03-742B-4E52-81D7-A8211EC4475D}.Release|Any CPU.Build.0 = Release|Any CPU
		{904F13EC-DFBB-4939-B720-08CB3752093C}.Analysis|Any CPU.ActiveCfg = Release|Any CPU
		{904F13EC-DFBB-4939-B720-08CB3752093C}.Analysis|Any CPU.Build.0 = Release|Any CPU
		{904F13EC-DFBB-4939-B720-08CB3752093C}.Debug|Any CPU.ActiveCfg = Debug|Any CPU
		{904F13EC-DFBB-4939-B720-08CB3752093C}.Debug|Any CPU.Build.0 = Debug|Any CPU
		{904F13EC-DFBB-4939-B720-08CB3752093C}.Release|Any CPU.ActiveCfg = Release|Any CPU
		{904F13EC-DFBB-4939-B720-08CB3752093C}.Release|Any CPU.Build.0 = Release|Any CPU
		{259ED967-983B-4A72-A987-255339DC9EC0}.Analysis|Any CPU.ActiveCfg = Debug|Any CPU
		{259ED967-983B-4A72-A987-255339DC9EC0}.Analysis|Any CPU.Build.0 = Debug|Any CPU
		{259ED967-983B-4A72-A987-255339DC9EC0}.Debug|Any CPU.ActiveCfg = Debug|Any CPU
		{259ED967-983B-4A72-A987-255339DC9EC0}.Debug|Any CPU.Build.0 = Debug|Any CPU
		{259ED967-983B-4A72-A987-255339DC9EC0}.Release|Any CPU.ActiveCfg = Release|Any CPU
		{259ED967-983B-4A72-A987-255339DC9EC0}.Release|Any CPU.Build.0 = Release|Any CPU
		{CCFD0C3E-EE16-4B41-A77D-250C7017E8B5}.Analysis|Any CPU.ActiveCfg = Debug|Any CPU
		{CCFD0C3E-EE16-4B41-A77D-250C7017E8B5}.Analysis|Any CPU.Build.0 = Debug|Any CPU
		{CCFD0C3E-EE16-4B41-A77D-250C7017E8B5}.Debug|Any CPU.ActiveCfg = Debug|Any CPU
		{CCFD0C3E-EE16-4B41-A77D-250C7017E8B5}.Debug|Any CPU.Build.0 = Debug|Any CPU
		{CCFD0C3E-EE16-4B41-A77D-250C7017E8B5}.Release|Any CPU.ActiveCfg = Release|Any CPU
		{CCFD0C3E-EE16-4B41-A77D-250C7017E8B5}.Release|Any CPU.Build.0 = Release|Any CPU
		{2C81EACD-26A0-40B0-98B0-878AE12BBBE8}.Analysis|Any CPU.ActiveCfg = Debug|Any CPU
		{2C81EACD-26A0-40B0-98B0-878AE12BBBE8}.Analysis|Any CPU.Build.0 = Debug|Any CPU
		{2C81EACD-26A0-40B0-98B0-878AE12BBBE8}.Debug|Any CPU.ActiveCfg = Debug|Any CPU
		{2C81EACD-26A0-40B0-98B0-878AE12BBBE8}.Debug|Any CPU.Build.0 = Debug|Any CPU
		{2C81EACD-26A0-40B0-98B0-878AE12BBBE8}.Release|Any CPU.ActiveCfg = Release|Any CPU
		{2C81EACD-26A0-40B0-98B0-878AE12BBBE8}.Release|Any CPU.Build.0 = Release|Any CPU
		{B53B245D-E457-4F6C-8BEC-B2B54AE68D56}.Analysis|Any CPU.ActiveCfg = Debug|Any CPU
		{B53B245D-E457-4F6C-8BEC-B2B54AE68D56}.Analysis|Any CPU.Build.0 = Debug|Any CPU
		{B53B245D-E457-4F6C-8BEC-B2B54AE68D56}.Debug|Any CPU.ActiveCfg = Debug|Any CPU
		{B53B245D-E457-4F6C-8BEC-B2B54AE68D56}.Debug|Any CPU.Build.0 = Debug|Any CPU
		{B53B245D-E457-4F6C-8BEC-B2B54AE68D56}.Release|Any CPU.ActiveCfg = Release|Any CPU
		{B53B245D-E457-4F6C-8BEC-B2B54AE68D56}.Release|Any CPU.Build.0 = Release|Any CPU
	EndGlobalSection
	GlobalSection(SolutionProperties) = preSolution
		HideSolutionNode = FALSE
	EndGlobalSection
	GlobalSection(ExtensibilityGlobals) = postSolution
		SolutionGuid = {17415657-E67C-4901-A9DD-6372AF9CC25E}
	EndGlobalSection
EndGlobal
